// !$*UTF8*$!
{
	archiveVersion = 1;
	classes = {
	};
	objectVersion = 46;
	objects = {

/* Begin PBXBuildFile section */
		0A18F48B1D6D69A5009F7C55 /* main.m in Sources */ = {isa = PBXBuildFile; fileRef = 0A18F48A1D6D69A5009F7C55 /* main.m */; };
		0A18F48E1D6D69A5009F7C55 /* AppDelegate.m in Sources */ = {isa = PBXBuildFile; fileRef = 0A18F48D1D6D69A5009F7C55 /* AppDelegate.m */; };
		0A18F4911D6D69A5009F7C55 /* ViewController.m in Sources */ = {isa = PBXBuildFile; fileRef = 0A18F4901D6D69A5009F7C55 /* ViewController.m */; };
		0A18F4941D6D69A5009F7C55 /* Main.storyboard in Resources */ = {isa = PBXBuildFile; fileRef = 0A18F4921D6D69A5009F7C55 /* Main.storyboard */; };
		0A18F4961D6D69A5009F7C55 /* Assets.xcassets in Resources */ = {isa = PBXBuildFile; fileRef = 0A18F4951D6D69A5009F7C55 /* Assets.xcassets */; };
		0A18F4991D6D69A5009F7C55 /* LaunchScreen.storyboard in Resources */ = {isa = PBXBuildFile; fileRef = 0A18F4971D6D69A5009F7C55 /* LaunchScreen.storyboard */; };
		0A18F4A41D6D69A5009F7C55 /* OC_TestProhectTests.m in Sources */ = {isa = PBXBuildFile; fileRef = 0A18F4A31D6D69A5009F7C55 /* OC_TestProhectTests.m */; };
		0A18F4AF1D6D69A5009F7C55 /* OC_TestProhectUITests.m in Sources */ = {isa = PBXBuildFile; fileRef = 0A18F4AE1D6D69A5009F7C55 /* OC_TestProhectUITests.m */; };
		0A44AD1B1D6E95E80052FCBB /* ThreadDemo.m in Sources */ = {isa = PBXBuildFile; fileRef = 0A44AD1A1D6E95E80052FCBB /* ThreadDemo.m */; };
		0A44AD1E1D6E960C0052FCBB /* ThreadComunicate.m in Sources */ = {isa = PBXBuildFile; fileRef = 0A44AD1D1D6E960C0052FCBB /* ThreadComunicate.m */; };
		0A5F01E51D6FE75B00E653C8 /* NSOperationDemo.m in Sources */ = {isa = PBXBuildFile; fileRef = 0A5F01E41D6FE75B00E653C8 /* NSOperationDemo.m */; };
/* End PBXBuildFile section */

/* Begin PBXContainerItemProxy section */
		0A18F4A01D6D69A5009F7C55 /* PBXContainerItemProxy */ = {
			isa = PBXContainerItemProxy;
			containerPortal = 0A18F47E1D6D69A5009F7C55 /* Project object */;
			proxyType = 1;
			remoteGlobalIDString = 0A18F4851D6D69A5009F7C55;
			remoteInfo = "OC-TestProhect";
		};
		0A18F4AB1D6D69A5009F7C55 /* PBXContainerItemProxy */ = {
			isa = PBXContainerItemProxy;
			containerPortal = 0A18F47E1D6D69A5009F7C55 /* Project object */;
			proxyType = 1;
			remoteGlobalIDString = 0A18F4851D6D69A5009F7C55;
			remoteInfo = "OC-TestProhect";
		};
/* End PBXContainerItemProxy section */

/* Begin PBXFileReference section */
		0A18F4861D6D69A5009F7C55 /* OC-TestProhect.app */ = {isa = PBXFileReference; explicitFileType = wrapper.application; includeInIndex = 0; path = "OC-TestProhect.app"; sourceTree = BUILT_PRODUCTS_DIR; };
		0A18F48A1D6D69A5009F7C55 /* main.m */ = {isa = PBXFileReference; lastKnownFileType = sourcecode.c.objc; path = main.m; sourceTree = "<group>"; };
		0A18F48C1D6D69A5009F7C55 /* AppDelegate.h */ = {isa = PBXFileReference; lastKnownFileType = sourcecode.c.h; path = AppDelegate.h; sourceTree = "<group>"; };
		0A18F48D1D6D69A5009F7C55 /* AppDelegate.m */ = {isa = PBXFileReference; lastKnownFileType = sourcecode.c.objc; path = AppDelegate.m; sourceTree = "<group>"; };
		0A18F48F1D6D69A5009F7C55 /* ViewController.h */ = {isa = PBXFileReference; lastKnownFileType = sourcecode.c.h; path = ViewController.h; sourceTree = "<group>"; };
		0A18F4901D6D69A5009F7C55 /* ViewController.m */ = {isa = PBXFileReference; lastKnownFileType = sourcecode.c.objc; path = ViewController.m; sourceTree = "<group>"; };
		0A18F4931D6D69A5009F7C55 /* Base */ = {isa = PBXFileReference; lastKnownFileType = file.storyboard; name = Base; path = Base.lproj/Main.storyboard; sourceTree = "<group>"; };
		0A18F4951D6D69A5009F7C55 /* Assets.xcassets */ = {isa = PBXFileReference; lastKnownFileType = folder.assetcatalog; path = Assets.xcassets; sourceTree = "<group>"; };
		0A18F4981D6D69A5009F7C55 /* Base */ = {isa = PBXFileReference; lastKnownFileType = file.storyboard; name = Base; path = Base.lproj/LaunchScreen.storyboard; sourceTree = "<group>"; };
		0A18F49A1D6D69A5009F7C55 /* Info.plist */ = {isa = PBXFileReference; lastKnownFileType = text.plist.xml; path = Info.plist; sourceTree = "<group>"; };
		0A18F49F1D6D69A5009F7C55 /* OC-TestProhectTests.xctest */ = {isa = PBXFileReference; explicitFileType = wrapper.cfbundle; includeInIndex = 0; path = "OC-TestProhectTests.xctest"; sourceTree = BUILT_PRODUCTS_DIR; };
		0A18F4A31D6D69A5009F7C55 /* OC_TestProhectTests.m */ = {isa = PBXFileReference; lastKnownFileType = sourcecode.c.objc; path = OC_TestProhectTests.m; sourceTree = "<group>"; };
		0A18F4A51D6D69A5009F7C55 /* Info.plist */ = {isa = PBXFileReference; lastKnownFileType = text.plist.xml; path = Info.plist; sourceTree = "<group>"; };
		0A18F4AA1D6D69A5009F7C55 /* OC-TestProhectUITests.xctest */ = {isa = PBXFileReference; explicitFileType = wrapper.cfbundle; includeInIndex = 0; path = "OC-TestProhectUITests.xctest"; sourceTree = BUILT_PRODUCTS_DIR; };
		0A18F4AE1D6D69A5009F7C55 /* OC_TestProhectUITests.m */ = {isa = PBXFileReference; lastKnownFileType = sourcecode.c.objc; path = OC_TestProhectUITests.m; sourceTree = "<group>"; };
		0A18F4B01D6D69A5009F7C55 /* Info.plist */ = {isa = PBXFileReference; lastKnownFileType = text.plist.xml; path = Info.plist; sourceTree = "<group>"; };
		0A44AD191D6E95E80052FCBB /* ThreadDemo.h */ = {isa = PBXFileReference; fileEncoding = 4; lastKnownFileType = sourcecode.c.h; path = ThreadDemo.h; sourceTree = "<group>"; };
		0A44AD1A1D6E95E80052FCBB /* ThreadDemo.m */ = {isa = PBXFileReference; fileEncoding = 4; lastKnownFileType = sourcecode.c.objc; path = ThreadDemo.m; sourceTree = "<group>"; };
		0A44AD1C1D6E960C0052FCBB /* ThreadComunicate.h */ = {isa = PBXFileReference; fileEncoding = 4; lastKnownFileType = sourcecode.c.h; path = ThreadComunicate.h; sourceTree = "<group>"; };
		0A44AD1D1D6E960C0052FCBB /* ThreadComunicate.m */ = {isa = PBXFileReference; fileEncoding = 4; lastKnownFileType = sourcecode.c.objc; path = ThreadComunicate.m; sourceTree = "<group>"; };
		0A5F01E31D6FE75B00E653C8 /* NSOperationDemo.h */ = {isa = PBXFileReference; fileEncoding = 4; lastKnownFileType = sourcecode.c.h; path = NSOperationDemo.h; sourceTree = "<group>"; };
		0A5F01E41D6FE75B00E653C8 /* NSOperationDemo.m */ = {isa = PBXFileReference; fileEncoding = 4; lastKnownFileType = sourcecode.c.objc; path = NSOperationDemo.m; sourceTree = "<group>"; };
/* End PBXFileReference section */

/* Begin PBXFrameworksBuildPhase section */
		0A18F4831D6D69A5009F7C55 /* Frameworks */ = {
			isa = PBXFrameworksBuildPhase;
			buildActionMask = 2147483647;
			files = (
			);
			runOnlyForDeploymentPostprocessing = 0;
		};
		0A18F49C1D6D69A5009F7C55 /* Frameworks */ = {
			isa = PBXFrameworksBuildPhase;
			buildActionMask = 2147483647;
			files = (
			);
			runOnlyForDeploymentPostprocessing = 0;
		};
		0A18F4A71D6D69A5009F7C55 /* Frameworks */ = {
			isa = PBXFrameworksBuildPhase;
			buildActionMask = 2147483647;
			files = (
			);
			runOnlyForDeploymentPostprocessing = 0;
		};
/* End PBXFrameworksBuildPhase section */

/* Begin PBXGroup section */
		0A18F47D1D6D69A5009F7C55 = {
			isa = PBXGroup;
			children = (
				0A18F4881D6D69A5009F7C55 /* OC-TestProhect */,
				0A18F4A21D6D69A5009F7C55 /* OC-TestProhectTests */,
				0A18F4AD1D6D69A5009F7C55 /* OC-TestProhectUITests */,
				0A18F4871D6D69A5009F7C55 /* Products */,
			);
			sourceTree = "<group>";
		};
		0A18F4871D6D69A5009F7C55 /* Products */ = {
			isa = PBXGroup;
			children = (
				0A18F4861D6D69A5009F7C55 /* OC-TestProhect.app */,
				0A18F49F1D6D69A5009F7C55 /* OC-TestProhectTests.xctest */,
				0A18F4AA1D6D69A5009F7C55 /* OC-TestProhectUITests.xctest */,
			);
			name = Products;
			sourceTree = "<group>";
		};
		0A18F4881D6D69A5009F7C55 /* OC-TestProhect */ = {
			isa = PBXGroup;
			children = (
				0A44AD181D6E95E80052FCBB /* 线程示例 */,
				0A18F48C1D6D69A5009F7C55 /* AppDelegate.h */,
				0A18F48D1D6D69A5009F7C55 /* AppDelegate.m */,
				0A18F48F1D6D69A5009F7C55 /* ViewController.h */,
				0A18F4901D6D69A5009F7C55 /* ViewController.m */,
				0A18F4921D6D69A5009F7C55 /* Main.storyboard */,
				0A18F4951D6D69A5009F7C55 /* Assets.xcassets */,
				0A18F4971D6D69A5009F7C55 /* LaunchScreen.storyboard */,
				0A18F49A1D6D69A5009F7C55 /* Info.plist */,
				0A18F4891D6D69A5009F7C55 /* Supporting Files */,
			);
			path = "OC-TestProhect";
			sourceTree = "<group>";
		};
		0A18F4891D6D69A5009F7C55 /* Supporting Files */ = {
			isa = PBXGroup;
			children = (
				0A18F48A1D6D69A5009F7C55 /* main.m */,
			);
			name = "Supporting Files";
			sourceTree = "<group>";
		};
		0A18F4A21D6D69A5009F7C55 /* OC-TestProhectTests */ = {
			isa = PBXGroup;
			children = (
				0A18F4A31D6D69A5009F7C55 /* OC_TestProhectTests.m */,
				0A18F4A51D6D69A5009F7C55 /* Info.plist */,
			);
			path = "OC-TestProhectTests";
			sourceTree = "<group>";
		};
		0A18F4AD1D6D69A5009F7C55 /* OC-TestProhectUITests */ = {
			isa = PBXGroup;
			children = (
				0A18F4AE1D6D69A5009F7C55 /* OC_TestProhectUITests.m */,
				0A18F4B01D6D69A5009F7C55 /* Info.plist */,
			);
			path = "OC-TestProhectUITests";
			sourceTree = "<group>";
		};
		0A44AD181D6E95E80052FCBB /* 线程示例 */ = {
			isa = PBXGroup;
			children = (
				0A44AD191D6E95E80052FCBB /* ThreadDemo.h */,
				0A44AD1A1D6E95E80052FCBB /* ThreadDemo.m */,
				0A44AD1C1D6E960C0052FCBB /* ThreadComunicate.h */,
				0A44AD1D1D6E960C0052FCBB /* ThreadComunicate.m */,
				0A5F01E31D6FE75B00E653C8 /* NSOperationDemo.h */,
				0A5F01E41D6FE75B00E653C8 /* NSOperationDemo.m */,
			);
			path = "线程示例";
			sourceTree = "<group>";
		};
/* End PBXGroup section */

/* Begin PBXNativeTarget section */
		0A18F4851D6D69A5009F7C55 /* OC-TestProhect */ = {
			isa = PBXNativeTarget;
			buildConfigurationList = 0A18F4B31D6D69A5009F7C55 /* Build configuration list for PBXNativeTarget "OC-TestProhect" */;
			buildPhases = (
				0A18F4821D6D69A5009F7C55 /* Sources */,
				0A18F4831D6D69A5009F7C55 /* Frameworks */,
				0A18F4841D6D69A5009F7C55 /* Resources */,
			);
			buildRules = (
			);
			dependencies = (
			);
			name = "OC-TestProhect";
			productName = "OC-TestProhect";
			productReference = 0A18F4861D6D69A5009F7C55 /* OC-TestProhect.app */;
			productType = "com.apple.product-type.application";
		};
		0A18F49E1D6D69A5009F7C55 /* OC-TestProhectTests */ = {
			isa = PBXNativeTarget;
			buildConfigurationList = 0A18F4B61D6D69A5009F7C55 /* Build configuration list for PBXNativeTarget "OC-TestProhectTests" */;
			buildPhases = (
				0A18F49B1D6D69A5009F7C55 /* Sources */,
				0A18F49C1D6D69A5009F7C55 /* Frameworks */,
				0A18F49D1D6D69A5009F7C55 /* Resources */,
			);
			buildRules = (
			);
			dependencies = (
				0A18F4A11D6D69A5009F7C55 /* PBXTargetDependency */,
			);
			name = "OC-TestProhectTests";
			productName = "OC-TestProhectTests";
			productReference = 0A18F49F1D6D69A5009F7C55 /* OC-TestProhectTests.xctest */;
			productType = "com.apple.product-type.bundle.unit-test";
		};
		0A18F4A91D6D69A5009F7C55 /* OC-TestProhectUITests */ = {
			isa = PBXNativeTarget;
			buildConfigurationList = 0A18F4B91D6D69A5009F7C55 /* Build configuration list for PBXNativeTarget "OC-TestProhectUITests" */;
			buildPhases = (
				0A18F4A61D6D69A5009F7C55 /* Sources */,
				0A18F4A71D6D69A5009F7C55 /* Frameworks */,
				0A18F4A81D6D69A5009F7C55 /* Resources */,
			);
			buildRules = (
			);
			dependencies = (
				0A18F4AC1D6D69A5009F7C55 /* PBXTargetDependency */,
			);
			name = "OC-TestProhectUITests";
			productName = "OC-TestProhectUITests";
			productReference = 0A18F4AA1D6D69A5009F7C55 /* OC-TestProhectUITests.xctest */;
			productType = "com.apple.product-type.bundle.ui-testing";
		};
/* End PBXNativeTarget section */

/* Begin PBXProject section */
		0A18F47E1D6D69A5009F7C55 /* Project object */ = {
			isa = PBXProject;
			attributes = {
				LastUpgradeCheck = 0730;
				ORGANIZATIONNAME = "张俊凯";
				TargetAttributes = {
					0A18F4851D6D69A5009F7C55 = {
						CreatedOnToolsVersion = 7.3.1;
					};
					0A18F49E1D6D69A5009F7C55 = {
						CreatedOnToolsVersion = 7.3.1;
						TestTargetID = 0A18F4851D6D69A5009F7C55;
					};
					0A18F4A91D6D69A5009F7C55 = {
						CreatedOnToolsVersion = 7.3.1;
						TestTargetID = 0A18F4851D6D69A5009F7C55;
					};
				};
			};
			buildConfigurationList = 0A18F4811D6D69A5009F7C55 /* Build configuration list for PBXProject "OC-TestProhect" */;
			compatibilityVersion = "Xcode 3.2";
			developmentRegion = English;
			hasScannedForEncodings = 0;
			knownRegions = (
				en,
				Base,
			);
			mainGroup = 0A18F47D1D6D69A5009F7C55;
			productRefGroup = 0A18F4871D6D69A5009F7C55 /* Products */;
			projectDirPath = "";
			projectRoot = "";
			targets = (
				0A18F4851D6D69A5009F7C55 /* OC-TestProhect */,
				0A18F49E1D6D69A5009F7C55 /* OC-TestProhectTests */,
				0A18F4A91D6D69A5009F7C55 /* OC-TestProhectUITests */,
			);
		};
/* End PBXProject section */

/* Begin PBXResourcesBuildPhase section */
		0A18F4841D6D69A5009F7C55 /* Resources */ = {
			isa = PBXResourcesBuildPhase;
			buildActionMask = 2147483647;
			files = (
				0A18F4991D6D69A5009F7C55 /* LaunchScreen.storyboard in Resources */,
				0A18F4961D6D69A5009F7C55 /* Assets.xcassets in Resources */,
				0A18F4941D6D69A5009F7C55 /* Main.storyboard in Resources */,
			);
			runOnlyForDeploymentPostprocessing = 0;
		};
		0A18F49D1D6D69A5009F7C55 /* Resources */ = {
			isa = PBXResourcesBuildPhase;
			buildActionMask = 2147483647;
			files = (
			);
			runOnlyForDeploymentPostprocessing = 0;
		};
		0A18F4A81D6D69A5009F7C55 /* Resources */ = {
			isa = PBXResourcesBuildPhase;
			buildActionMask = 2147483647;
			files = (
			);
			runOnlyForDeploymentPostprocessing = 0;
		};
/* End PBXResourcesBuildPhase section */

/* Begin PBXSourcesBuildPhase section */
		0A18F4821D6D69A5009F7C55 /* Sources */ = {
			isa = PBXSourcesBuildPhase;
			buildActionMask = 2147483647;
			files = (
				0A44AD1B1D6E95E80052FCBB /* ThreadDemo.m in Sources */,
				0A5F01E51D6FE75B00E653C8 /* NSOperationDemo.m in Sources */,
				0A44AD1E1D6E960C0052FCBB /* ThreadComunicate.m in Sources */,
				0A18F4911D6D69A5009F7C55 /* ViewController.m in Sources */,
				0A18F48E1D6D69A5009F7C55 /* AppDelegate.m in Sources */,
				0A18F48B1D6D69A5009F7C55 /* main.m in Sources */,
			);
			runOnlyForDeploymentPostprocessing = 0;
		};
		0A18F49B1D6D69A5009F7C55 /* Sources */ = {
			isa = PBXSourcesBuildPhase;
			buildActionMask = 2147483647;
			files = (
				0A18F4A41D6D69A5009F7C55 /* OC_TestProhectTests.m in Sources */,
			);
			runOnlyForDeploymentPostprocessing = 0;
		};
		0A18F4A61D6D69A5009F7C55 /* Sources */ = {
			isa = PBXSourcesBuildPhase;
			buildActionMask = 2147483647;
			files = (
				0A18F4AF1D6D69A5009F7C55 /* OC_TestProhectUITests.m in Sources */,
			);
			runOnlyForDeploymentPostprocessing = 0;
		};
/* End PBXSourcesBuildPhase section */

/* Begin PBXTargetDependency section */
		0A18F4A11D6D69A5009F7C55 /* PBXTargetDependency */ = {
			isa = PBXTargetDependency;
			target = 0A18F4851D6D69A5009F7C55 /* OC-TestProhect */;
			targetProxy = 0A18F4A01D6D69A5009F7C55 /* PBXContainerItemProxy */;
		};
		0A18F4AC1D6D69A5009F7C55 /* PBXTargetDependency */ = {
			isa = PBXTargetDependency;
			target = 0A18F4851D6D69A5009F7C55 /* OC-TestProhect */;
			targetProxy = 0A18F4AB1D6D69A5009F7C55 /* PBXContainerItemProxy */;
		};
/* End PBXTargetDependency section */

/* Begin PBXVariantGroup section */
		0A18F4921D6D69A5009F7C55 /* Main.storyboard */ = {
			isa = PBXVariantGroup;
			children = (
				0A18F4931D6D69A5009F7C55 /* Base */,
			);
			name = Main.storyboard;
			sourceTree = "<group>";
		};
		0A18F4971D6D69A5009F7C55 /* LaunchScreen.storyboard */ = {
			isa = PBXVariantGroup;
			children = (
				0A18F4981D6D69A5009F7C55 /* Base */,
			);
			name = LaunchScreen.storyboard;
			sourceTree = "<group>";
		};
/* End PBXVariantGroup section */

/* Begin XCBuildConfiguration section */
		0A18F4B11D6D69A5009F7C55 /* Debug */ = {
			isa = XCBuildConfiguration;
			buildSettings = {
				ALWAYS_SEARCH_USER_PATHS = NO;
				CLANG_ANALYZER_NONNULL = YES;
				CLANG_CXX_LANGUAGE_STANDARD = "gnu++0x";
				CLANG_CXX_LIBRARY = "libc++";
				CLANG_ENABLE_MODULES = YES;
				CLANG_ENABLE_OBJC_ARC = YES;
				CLANG_WARN_BOOL_CONVERSION = YES;
				CLANG_WARN_CONSTANT_CONVERSION = YES;
				CLANG_WARN_DIRECT_OBJC_ISA_USAGE = YES_ERROR;
				CLANG_WARN_EMPTY_BODY = YES;
				CLANG_WARN_ENUM_CONVERSION = YES;
				CLANG_WARN_INT_CONVERSION = YES;
				CLANG_WARN_OBJC_ROOT_CLASS = YES_ERROR;
				CLANG_WARN_UNREACHABLE_CODE = YES;
				CLANG_WARN__DUPLICATE_METHOD_MATCH = YES;
				"CODE_SIGN_IDENTITY[sdk=iphoneos*]" = "iPhone Developer";
				COPY_PHASE_STRIP = NO;
				DEBUG_INFORMATION_FORMAT = dwarf;
				ENABLE_STRICT_OBJC_MSGSEND = YES;
				ENABLE_TESTABILITY = YES;
				GCC_C_LANGUAGE_STANDARD = gnu99;
				GCC_DYNAMIC_NO_PIC = NO;
				GCC_NO_COMMON_BLOCKS = YES;
				GCC_OPTIMIZATION_LEVEL = 0;
				GCC_PREPROCESSOR_DEFINITIONS = (
					"DEBUG=1",
					"$(inherited)",
				);
				GCC_WARN_64_TO_32_BIT_CONVERSION = YES;
				GCC_WARN_ABOUT_RETURN_TYPE = YES_ERROR;
				GCC_WARN_UNDECLARED_SELECTOR = YES;
				GCC_WARN_UNINITIALIZED_AUTOS = YES_AGGRESSIVE;
				GCC_WARN_UNUSED_FUNCTION = YES;
				GCC_WARN_UNUSED_VARIABLE = YES;
				IPHONEOS_DEPLOYMENT_TARGET = 9.3;
				MTL_ENABLE_DEBUG_INFO = YES;
				ONLY_ACTIVE_ARCH = YES;
				SDKROOT = iphoneos;
			};
			name = Debug;
		};
		0A18F4B21D6D69A5009F7C55 /* Release */ = {
			isa = XCBuildConfiguration;
			buildSettings = {
				ALWAYS_SEARCH_USER_PATHS = NO;
				CLANG_ANALYZER_NONNULL = YES;
				CLANG_CXX_LANGUAGE_STANDARD = "gnu++0x";
				CLANG_CXX_LIBRARY = "libc++";
				CLANG_ENABLE_MODULES = YES;
				CLANG_ENABLE_OBJC_ARC = YES;
				CLANG_WARN_BOOL_CONVERSION = YES;
				CLANG_WARN_CONSTANT_CONVERSION = YES;
				CLANG_WARN_DIRECT_OBJC_ISA_USAGE = YES_ERROR;
				CLANG_WARN_EMPTY_BODY = YES;
				CLANG_WARN_ENUM_CONVERSION = YES;
				CLANG_WARN_INT_CONVERSION = YES;
				CLANG_WARN_OBJC_ROOT_CLASS = YES_ERROR;
				CLANG_WARN_UNREACHABLE_CODE = YES;
				CLANG_WARN__DUPLICATE_METHOD_MATCH = YES;
				"CODE_SIGN_IDENTITY[sdk=iphoneos*]" = "iPhone Developer";
				COPY_PHASE_STRIP = NO;
				DEBUG_INFORMATION_FORMAT = "dwarf-with-dsym";
				ENABLE_NS_ASSERTIONS = NO;
				ENABLE_STRICT_OBJC_MSGSEND = YES;
				GCC_C_LANGUAGE_STANDARD = gnu99;
				GCC_NO_COMMON_BLOCKS = YES;
				GCC_WARN_64_TO_32_BIT_CONVERSION = YES;
				GCC_WARN_ABOUT_RETURN_TYPE = YES_ERROR;
				GCC_WARN_UNDECLARED_SELECTOR = YES;
				GCC_WARN_UNINITIALIZED_AUTOS = YES_AGGRESSIVE;
				GCC_WARN_UNUSED_FUNCTION = YES;
				GCC_WARN_UNUSED_VARIABLE = YES;
				IPHONEOS_DEPLOYMENT_TARGET = 9.3;
				MTL_ENABLE_DEBUG_INFO = NO;
				SDKROOT = iphoneos;
				VALIDATE_PRODUCT = YES;
			};
			name = Release;
		};
		0A18F4B41D6D69A5009F7C55 /* Debug */ = {
			isa = XCBuildConfiguration;
			buildSettings = {
				ASSETCATALOG_COMPILER_APPICON_NAME = AppIcon;
				INFOPLIST_FILE = "OC-TestProhect/Info.plist";
				LD_RUNPATH_SEARCH_PATHS = "$(inherited) @executable_path/Frameworks";
				PRODUCT_BUNDLE_IDENTIFIER = "com.cago.OC-TestProhect";
				PRODUCT_NAME = "$(TARGET_NAME)";
			};
			name = Debug;
		};
		0A18F4B51D6D69A5009F7C55 /* Release */ = {
			isa = XCBuildConfiguration;
			buildSettings = {
				ASSETCATALOG_COMPILER_APPICON_NAME = AppIcon;
				INFOPLIST_FILE = "OC-TestProhect/Info.plist";
				LD_RUNPATH_SEARCH_PATHS = "$(inherited) @executable_path/Frameworks";
				PRODUCT_BUNDLE_IDENTIFIER = "com.cago.OC-TestProhect";
				PRODUCT_NAME = "$(TARGET_NAME)";
			};
			name = Release;
		};
		0A18F4B71D6D69A5009F7C55 /* Debug */ = {
			isa = XCBuildConfiguration;
			buildSettings = {
				BUNDLE_LOADER = "$(TEST_HOST)";
				INFOPLIST_FILE = "OC-TestProhectTests/Info.plist";
				LD_RUNPATH_SEARCH_PATHS = "$(inherited) @executable_path/Frameworks @loader_path/Frameworks";
				PRODUCT_BUNDLE_IDENTIFIER = "com.cago.OC-TestProhectTests";
				PRODUCT_NAME = "$(TARGET_NAME)";
				TEST_HOST = "$(BUILT_PRODUCTS_DIR)/OC-TestProhect.app/OC-TestProhect";
			};
			name = Debug;
		};
		0A18F4B81D6D69A5009F7C55 /* Release */ = {
			isa = XCBuildConfiguration;
			buildSettings = {
				BUNDLE_LOADER = "$(TEST_HOST)";
				INFOPLIST_FILE = "OC-TestProhectTests/Info.plist";
				LD_RUNPATH_SEARCH_PATHS = "$(inherited) @executable_path/Frameworks @loader_path/Frameworks";
				PRODUCT_BUNDLE_IDENTIFIER = "com.cago.OC-TestProhectTests";
				PRODUCT_NAME = "$(TARGET_NAME)";
				TEST_HOST = "$(BUILT_PRODUCTS_DIR)/OC-TestProhect.app/OC-TestProhect";
			};
			name = Release;
		};
		0A18F4BA1D6D69A5009F7C55 /* Debug */ = {
			isa = XCBuildConfiguration;
			buildSettings = {
				INFOPLIST_FILE = "OC-TestProhectUITests/Info.plist";
				LD_RUNPATH_SEARCH_PATHS = "$(inherited) @executable_path/Frameworks @loader_path/Frameworks";
				PRODUCT_BUNDLE_IDENTIFIER = "com.cago.OC-TestProhectUITests";
				PRODUCT_NAME = "$(TARGET_NAME)";
				TEST_TARGET_NAME = "OC-TestProhect";
			};
			name = Debug;
		};
		0A18F4BB1D6D69A5009F7C55 /* Release */ = {
			isa = XCBuildConfiguration;
			buildSettings = {
				INFOPLIST_FILE = "OC-TestProhectUITests/Info.plist";
				LD_RUNPATH_SEARCH_PATHS = "$(inherited) @executable_path/Frameworks @loader_path/Frameworks";
				PRODUCT_BUNDLE_IDENTIFIER = "com.cago.OC-TestProhectUITests";
				PRODUCT_NAME = "$(TARGET_NAME)";
				TEST_TARGET_NAME = "OC-TestProhect";
			};
			name = Release;
		};
/* End XCBuildConfiguration section */

/* Begin XCConfigurationList section */
		0A18F4811D6D69A5009F7C55 /* Build configuration list for PBXProject "OC-TestProhect" */ = {
			isa = XCConfigurationList;
			buildConfigurations = (
				0A18F4B11D6D69A5009F7C55 /* Debug */,
				0A18F4B21D6D69A5009F7C55 /* Release */,
			);
			defaultConfigurationIsVisible = 0;
			defaultConfigurationName = Release;
		};
		0A18F4B31D6D69A5009F7C55 /* Build configuration list for PBXNativeTarget "OC-TestProhect" */ = {
			isa = XCConfigurationList;
			buildConfigurations = (
				0A18F4B41D6D69A5009F7C55 /* Debug */,
				0A18F4B51D6D69A5009F7C55 /* Release */,
			);
			defaultConfigurationIsVisible = 0;
			defaultConfigurationName = Release;
		};
		0A18F4B61D6D69A5009F7C55 /* Build configuration list for PBXNativeTarget "OC-TestProhectTests" */ = {
			isa = XCConfigurationList;
			buildConfigurations = (
				0A18F4B71D6D69A5009F7C55 /* Debug */,
				0A18F4B81D6D69A5009F7C55 /* Release */,
			);
			defaultConfigurationIsVisible = 0;
			defaultConfigurationName = Release;
		};
		0A18F4B91D6D69A5009F7C55 /* Build configuration list for PBXNativeTarget "OC-TestProhectUITests" */ = {
			isa = XCConfigurationList;
			buildConfigurations = (
				0A18F4BA1D6D69A5009F7C55 /* Debug */,
				0A18F4BB1D6D69A5009F7C55 /* Release */,
			);
			defaultConfigurationIsVisible = 0;
			defaultConfigurationName = Release;
		};
/* End XCConfigurationList section */
	};
	rootObject = 0A18F47E1D6D69A5009F7C55 /* Project object */;
}
