// !$*UTF8*$!
{
	archiveVersion = 1;
	classes = {
	};
	objectVersion = 46;
	objects = {

/* Begin PBXBuildFile section */
		0A32C65F1D93CDFC009977C0 /* main.m in Sources */ = {isa = PBXBuildFile; fileRef = 0A32C65E1D93CDFC009977C0 /* main.m */; };
		0A32C6621D93CDFC009977C0 /* AppDelegate.m in Sources */ = {isa = PBXBuildFile; fileRef = 0A32C6611D93CDFC009977C0 /* AppDelegate.m */; };
		0A32C6651D93CDFC009977C0 /* ViewController.m in Sources */ = {isa = PBXBuildFile; fileRef = 0A32C6641D93CDFC009977C0 /* ViewController.m */; };
		0A32C6681D93CDFC009977C0 /* Main.storyboard in Resources */ = {isa = PBXBuildFile; fileRef = 0A32C6661D93CDFC009977C0 /* Main.storyboard */; };
		0A32C66A1D93CDFC009977C0 /* Assets.xcassets in Resources */ = {isa = PBXBuildFile; fileRef = 0A32C6691D93CDFC009977C0 /* Assets.xcassets */; };
		0A32C66D1D93CDFC009977C0 /* LaunchScreen.storyboard in Resources */ = {isa = PBXBuildFile; fileRef = 0A32C66B1D93CDFC009977C0 /* LaunchScreen.storyboard */; };
		0A32C6781D93CDFC009977C0 /* _2___HTML__Tests.m in Sources */ = {isa = PBXBuildFile; fileRef = 0A32C6771D93CDFC009977C0 /* _2___HTML__Tests.m */; };
		0A32C6831D93CDFC009977C0 /* _2___HTML__UITests.m in Sources */ = {isa = PBXBuildFile; fileRef = 0A32C6821D93CDFC009977C0 /* _2___HTML__UITests.m */; };
		0A32C6911D93D2F1009977C0 /* flowers.html in Resources */ = {isa = PBXBuildFile; fileRef = 0A32C6901D93D2F1009977C0 /* flowers.html */; };
/* End PBXBuildFile section */

/* Begin PBXContainerItemProxy section */
		0A32C6741D93CDFC009977C0 /* PBXContainerItemProxy */ = {
			isa = PBXContainerItemProxy;
			containerPortal = 0A32C6521D93CDFC009977C0 /* Project object */;
			proxyType = 1;
			remoteGlobalIDString = 0A32C6591D93CDFC009977C0;
			remoteInfo = "02-制作HTML页面";
		};
		0A32C67F1D93CDFC009977C0 /* PBXContainerItemProxy */ = {
			isa = PBXContainerItemProxy;
			containerPortal = 0A32C6521D93CDFC009977C0 /* Project object */;
			proxyType = 1;
			remoteGlobalIDString = 0A32C6591D93CDFC009977C0;
			remoteInfo = "02-制作HTML页面";
		};
/* End PBXContainerItemProxy section */

/* Begin PBXFileReference section */
		0A32C65A1D93CDFC009977C0 /* 02-制作HTML页面.app */ = {isa = PBXFileReference; explicitFileType = wrapper.application; includeInIndex = 0; path = "02-制作HTML页面.app"; sourceTree = BUILT_PRODUCTS_DIR; };
		0A32C65E1D93CDFC009977C0 /* main.m */ = {isa = PBXFileReference; lastKnownFileType = sourcecode.c.objc; path = main.m; sourceTree = "<group>"; };
		0A32C6601D93CDFC009977C0 /* AppDelegate.h */ = {isa = PBXFileReference; lastKnownFileType = sourcecode.c.h; path = AppDelegate.h; sourceTree = "<group>"; };
		0A32C6611D93CDFC009977C0 /* AppDelegate.m */ = {isa = PBXFileReference; lastKnownFileType = sourcecode.c.objc; path = AppDelegate.m; sourceTree = "<group>"; };
		0A32C6631D93CDFC009977C0 /* ViewController.h */ = {isa = PBXFileReference; lastKnownFileType = sourcecode.c.h; path = ViewController.h; sourceTree = "<group>"; };
		0A32C6641D93CDFC009977C0 /* ViewController.m */ = {isa = PBXFileReference; lastKnownFileType = sourcecode.c.objc; path = ViewController.m; sourceTree = "<group>"; };
		0A32C6671D93CDFC009977C0 /* Base */ = {isa = PBXFileReference; lastKnownFileType = file.storyboard; name = Base; path = Base.lproj/Main.storyboard; sourceTree = "<group>"; };
		0A32C6691D93CDFC009977C0 /* Assets.xcassets */ = {isa = PBXFileReference; lastKnownFileType = folder.assetcatalog; path = Assets.xcassets; sourceTree = "<group>"; };
		0A32C66C1D93CDFC009977C0 /* Base */ = {isa = PBXFileReference; lastKnownFileType = file.storyboard; name = Base; path = Base.lproj/LaunchScreen.storyboard; sourceTree = "<group>"; };
		0A32C66E1D93CDFC009977C0 /* Info.plist */ = {isa = PBXFileReference; lastKnownFileType = text.plist.xml; path = Info.plist; sourceTree = "<group>"; };
		0A32C6731D93CDFC009977C0 /* 02-制作HTML页面Tests.xctest */ = {isa = PBXFileReference; explicitFileType = wrapper.cfbundle; includeInIndex = 0; path = "02-制作HTML页面Tests.xctest"; sourceTree = BUILT_PRODUCTS_DIR; };
		0A32C6771D93CDFC009977C0 /* _2___HTML__Tests.m */ = {isa = PBXFileReference; lastKnownFileType = sourcecode.c.objc; path = "_2___HTML__Tests.m"; sourceTree = "<group>"; };
		0A32C6791D93CDFC009977C0 /* Info.plist */ = {isa = PBXFileReference; lastKnownFileType = text.plist.xml; path = Info.plist; sourceTree = "<group>"; };
		0A32C67E1D93CDFC009977C0 /* 02-制作HTML页面UITests.xctest */ = {isa = PBXFileReference; explicitFileType = wrapper.cfbundle; includeInIndex = 0; path = "02-制作HTML页面UITests.xctest"; sourceTree = BUILT_PRODUCTS_DIR; };
		0A32C6821D93CDFC009977C0 /* _2___HTML__UITests.m */ = {isa = PBXFileReference; lastKnownFileType = sourcecode.c.objc; path = "_2___HTML__UITests.m"; sourceTree = "<group>"; };
		0A32C6841D93CDFC009977C0 /* Info.plist */ = {isa = PBXFileReference; lastKnownFileType = text.plist.xml; path = Info.plist; sourceTree = "<group>"; };
		0A32C6901D93D2F1009977C0 /* flowers.html */ = {isa = PBXFileReference; fileEncoding = 4; lastKnownFileType = text.html; path = flowers.html; sourceTree = "<group>"; };
/* End PBXFileReference section */

/* Begin PBXFrameworksBuildPhase section */
		0A32C6571D93CDFC009977C0 /* Frameworks */ = {
			isa = PBXFrameworksBuildPhase;
			buildActionMask = 2147483647;
			files = (
			);
			runOnlyForDeploymentPostprocessing = 0;
		};
		0A32C6701D93CDFC009977C0 /* Frameworks */ = {
			isa = PBXFrameworksBuildPhase;
			buildActionMask = 2147483647;
			files = (
			);
			runOnlyForDeploymentPostprocessing = 0;
		};
		0A32C67B1D93CDFC009977C0 /* Frameworks */ = {
			isa = PBXFrameworksBuildPhase;
			buildActionMask = 2147483647;
			files = (
			);
			runOnlyForDeploymentPostprocessing = 0;
		};
/* End PBXFrameworksBuildPhase section */

/* Begin PBXGroup section */
		0A32C6511D93CDFC009977C0 = {
			isa = PBXGroup;
			children = (
				0A32C65C1D93CDFC009977C0 /* 02-制作HTML页面 */,
				0A32C6761D93CDFC009977C0 /* 02-制作HTML页面Tests */,
				0A32C6811D93CDFC009977C0 /* 02-制作HTML页面UITests */,
				0A32C65B1D93CDFC009977C0 /* Products */,
			);
			sourceTree = "<group>";
		};
		0A32C65B1D93CDFC009977C0 /* Products */ = {
			isa = PBXGroup;
			children = (
				0A32C65A1D93CDFC009977C0 /* 02-制作HTML页面.app */,
				0A32C6731D93CDFC009977C0 /* 02-制作HTML页面Tests.xctest */,
				0A32C67E1D93CDFC009977C0 /* 02-制作HTML页面UITests.xctest */,
			);
			name = Products;
			sourceTree = "<group>";
		};
		0A32C65C1D93CDFC009977C0 /* 02-制作HTML页面 */ = {
			isa = PBXGroup;
			children = (
				0A32C6601D93CDFC009977C0 /* AppDelegate.h */,
				0A32C6611D93CDFC009977C0 /* AppDelegate.m */,
				0A32C6631D93CDFC009977C0 /* ViewController.h */,
				0A32C6641D93CDFC009977C0 /* ViewController.m */,
				0A32C6901D93D2F1009977C0 /* flowers.html */,
				0A32C6661D93CDFC009977C0 /* Main.storyboard */,
				0A32C6691D93CDFC009977C0 /* Assets.xcassets */,
				0A32C66B1D93CDFC009977C0 /* LaunchScreen.storyboard */,
				0A32C66E1D93CDFC009977C0 /* Info.plist */,
				0A32C65D1D93CDFC009977C0 /* Supporting Files */,
			);
			path = "02-制作HTML页面";
			sourceTree = "<group>";
		};
		0A32C65D1D93CDFC009977C0 /* Supporting Files */ = {
			isa = PBXGroup;
			children = (
				0A32C65E1D93CDFC009977C0 /* main.m */,
			);
			name = "Supporting Files";
			sourceTree = "<group>";
		};
		0A32C6761D93CDFC009977C0 /* 02-制作HTML页面Tests */ = {
			isa = PBXGroup;
			children = (
				0A32C6771D93CDFC009977C0 /* _2___HTML__Tests.m */,
				0A32C6791D93CDFC009977C0 /* Info.plist */,
			);
			path = "02-制作HTML页面Tests";
			sourceTree = "<group>";
		};
		0A32C6811D93CDFC009977C0 /* 02-制作HTML页面UITests */ = {
			isa = PBXGroup;
			children = (
				0A32C6821D93CDFC009977C0 /* _2___HTML__UITests.m */,
				0A32C6841D93CDFC009977C0 /* Info.plist */,
			);
			path = "02-制作HTML页面UITests";
			sourceTree = "<group>";
		};
/* End PBXGroup section */

/* Begin PBXNativeTarget section */
		0A32C6591D93CDFC009977C0 /* 02-制作HTML页面 */ = {
			isa = PBXNativeTarget;
			buildConfigurationList = 0A32C6871D93CDFC009977C0 /* Build configuration list for PBXNativeTarget "02-制作HTML页面" */;
			buildPhases = (
				0A32C6561D93CDFC009977C0 /* Sources */,
				0A32C6571D93CDFC009977C0 /* Frameworks */,
				0A32C6581D93CDFC009977C0 /* Resources */,
			);
			buildRules = (
			);
			dependencies = (
			);
			name = "02-制作HTML页面";
			productName = "02-制作HTML页面";
			productReference = 0A32C65A1D93CDFC009977C0 /* 02-制作HTML页面.app */;
			productType = "com.apple.product-type.application";
		};
		0A32C6721D93CDFC009977C0 /* 02-制作HTML页面Tests */ = {
			isa = PBXNativeTarget;
			buildConfigurationList = 0A32C68A1D93CDFC009977C0 /* Build configuration list for PBXNativeTarget "02-制作HTML页面Tests" */;
			buildPhases = (
				0A32C66F1D93CDFC009977C0 /* Sources */,
				0A32C6701D93CDFC009977C0 /* Frameworks */,
				0A32C6711D93CDFC009977C0 /* Resources */,
			);
			buildRules = (
			);
			dependencies = (
				0A32C6751D93CDFC009977C0 /* PBXTargetDependency */,
			);
			name = "02-制作HTML页面Tests";
			productName = "02-制作HTML页面Tests";
			productReference = 0A32C6731D93CDFC009977C0 /* 02-制作HTML页面Tests.xctest */;
			productType = "com.apple.product-type.bundle.unit-test";
		};
		0A32C67D1D93CDFC009977C0 /* 02-制作HTML页面UITests */ = {
			isa = PBXNativeTarget;
			buildConfigurationList = 0A32C68D1D93CDFC009977C0 /* Build configuration list for PBXNativeTarget "02-制作HTML页面UITests" */;
			buildPhases = (
				0A32C67A1D93CDFC009977C0 /* Sources */,
				0A32C67B1D93CDFC009977C0 /* Frameworks */,
				0A32C67C1D93CDFC009977C0 /* Resources */,
			);
			buildRules = (
			);
			dependencies = (
				0A32C6801D93CDFC009977C0 /* PBXTargetDependency */,
			);
			name = "02-制作HTML页面UITests";
			productName = "02-制作HTML页面UITests";
			productReference = 0A32C67E1D93CDFC009977C0 /* 02-制作HTML页面UITests.xctest */;
			productType = "com.apple.product-type.bundle.ui-testing";
		};
/* End PBXNativeTarget section */

/* Begin PBXProject section */
		0A32C6521D93CDFC009977C0 /* Project object */ = {
			isa = PBXProject;
			attributes = {
				LastUpgradeCheck = 0730;
				ORGANIZATIONNAME = "张俊凯";
				TargetAttributes = {
					0A32C6591D93CDFC009977C0 = {
						CreatedOnToolsVersion = 7.3.1;
					};
					0A32C6721D93CDFC009977C0 = {
						CreatedOnToolsVersion = 7.3.1;
						TestTargetID = 0A32C6591D93CDFC009977C0;
					};
					0A32C67D1D93CDFC009977C0 = {
						CreatedOnToolsVersion = 7.3.1;
						TestTargetID = 0A32C6591D93CDFC009977C0;
					};
				};
			};
			buildConfigurationList = 0A32C6551D93CDFC009977C0 /* Build configuration list for PBXProject "02-制作HTML页面" */;
			compatibilityVersion = "Xcode 3.2";
			developmentRegion = English;
			hasScannedForEncodings = 0;
			knownRegions = (
				en,
				Base,
			);
			mainGroup = 0A32C6511D93CDFC009977C0;
			productRefGroup = 0A32C65B1D93CDFC009977C0 /* Products */;
			projectDirPath = "";
			projectRoot = "";
			targets = (
				0A32C6591D93CDFC009977C0 /* 02-制作HTML页面 */,
				0A32C6721D93CDFC009977C0 /* 02-制作HTML页面Tests */,
				0A32C67D1D93CDFC009977C0 /* 02-制作HTML页面UITests */,
			);
		};
/* End PBXProject section */

/* Begin PBXResourcesBuildPhase section */
		0A32C6581D93CDFC009977C0 /* Resources */ = {
			isa = PBXResourcesBuildPhase;
			buildActionMask = 2147483647;
			files = (
				0A32C66D1D93CDFC009977C0 /* LaunchScreen.storyboard in Resources */,
				0A32C6911D93D2F1009977C0 /* flowers.html in Resources */,
				0A32C66A1D93CDFC009977C0 /* Assets.xcassets in Resources */,
				0A32C6681D93CDFC009977C0 /* Main.storyboard in Resources */,
			);
			runOnlyForDeploymentPostprocessing = 0;
		};
		0A32C6711D93CDFC009977C0 /* Resources */ = {
			isa = PBXResourcesBuildPhase;
			buildActionMask = 2147483647;
			files = (
			);
			runOnlyForDeploymentPostprocessing = 0;
		};
		0A32C67C1D93CDFC009977C0 /* Resources */ = {
			isa = PBXResourcesBuildPhase;
			buildActionMask = 2147483647;
			files = (
			);
			runOnlyForDeploymentPostprocessing = 0;
		};
/* End PBXResourcesBuildPhase section */

/* Begin PBXSourcesBuildPhase section */
		0A32C6561D93CDFC009977C0 /* Sources */ = {
			isa = PBXSourcesBuildPhase;
			buildActionMask = 2147483647;
			files = (
				0A32C6651D93CDFC009977C0 /* ViewController.m in Sources */,
				0A32C6621D93CDFC009977C0 /* AppDelegate.m in Sources */,
				0A32C65F1D93CDFC009977C0 /* main.m in Sources */,
			);
			runOnlyForDeploymentPostprocessing = 0;
		};
		0A32C66F1D93CDFC009977C0 /* Sources */ = {
			isa = PBXSourcesBuildPhase;
			buildActionMask = 2147483647;
			files = (
				0A32C6781D93CDFC009977C0 /* _2___HTML__Tests.m in Sources */,
			);
			runOnlyForDeploymentPostprocessing = 0;
		};
		0A32C67A1D93CDFC009977C0 /* Sources */ = {
			isa = PBXSourcesBuildPhase;
			buildActionMask = 2147483647;
			files = (
				0A32C6831D93CDFC009977C0 /* _2___HTML__UITests.m in Sources */,
			);
			runOnlyForDeploymentPostprocessing = 0;
		};
/* End PBXSourcesBuildPhase section */

/* Begin PBXTargetDependency section */
		0A32C6751D93CDFC009977C0 /* PBXTargetDependency */ = {
			isa = PBXTargetDependency;
			target = 0A32C6591D93CDFC009977C0 /* 02-制作HTML页面 */;
			targetProxy = 0A32C6741D93CDFC009977C0 /* PBXContainerItemProxy */;
		};
		0A32C6801D93CDFC009977C0 /* PBXTargetDependency */ = {
			isa = PBXTargetDependency;
			target = 0A32C6591D93CDFC009977C0 /* 02-制作HTML页面 */;
			targetProxy = 0A32C67F1D93CDFC009977C0 /* PBXContainerItemProxy */;
		};
/* End PBXTargetDependency section */

/* Begin PBXVariantGroup section */
		0A32C6661D93CDFC009977C0 /* Main.storyboard */ = {
			isa = PBXVariantGroup;
			children = (
				0A32C6671D93CDFC009977C0 /* Base */,
			);
			name = Main.storyboard;
			sourceTree = "<group>";
		};
		0A32C66B1D93CDFC009977C0 /* LaunchScreen.storyboard */ = {
			isa = PBXVariantGroup;
			children = (
				0A32C66C1D93CDFC009977C0 /* Base */,
			);
			name = LaunchScreen.storyboard;
			sourceTree = "<group>";
		};
/* End PBXVariantGroup section */

/* Begin XCBuildConfiguration section */
		0A32C6851D93CDFC009977C0 /* Debug */ = {
			isa = XCBuildConfiguration;
			buildSettings = {
				ALWAYS_SEARCH_USER_PATHS = NO;
				CLANG_ANALYZER_NONNULL = YES;
				CLANG_CXX_LANGUAGE_STANDARD = "gnu++0x";
				CLANG_CXX_LIBRARY = "libc++";
				CLANG_ENABLE_MODULES = YES;
				CLANG_ENABLE_OBJC_ARC = YES;
				CLANG_WARN_BOOL_CONVERSION = YES;
				CLANG_WARN_CONSTANT_CONVERSION = YES;
				CLANG_WARN_DIRECT_OBJC_ISA_USAGE = YES_ERROR;
				CLANG_WARN_EMPTY_BODY = YES;
				CLANG_WARN_ENUM_CONVERSION = YES;
				CLANG_WARN_INT_CONVERSION = YES;
				CLANG_WARN_OBJC_ROOT_CLASS = YES_ERROR;
				CLANG_WARN_UNREACHABLE_CODE = YES;
				CLANG_WARN__DUPLICATE_METHOD_MATCH = YES;
				"CODE_SIGN_IDENTITY[sdk=iphoneos*]" = "iPhone Developer";
				COPY_PHASE_STRIP = NO;
				DEBUG_INFORMATION_FORMAT = dwarf;
				ENABLE_STRICT_OBJC_MSGSEND = YES;
				ENABLE_TESTABILITY = YES;
				GCC_C_LANGUAGE_STANDARD = gnu99;
				GCC_DYNAMIC_NO_PIC = NO;
				GCC_NO_COMMON_BLOCKS = YES;
				GCC_OPTIMIZATION_LEVEL = 0;
				GCC_PREPROCESSOR_DEFINITIONS = (
					"DEBUG=1",
					"$(inherited)",
				);
				GCC_WARN_64_TO_32_BIT_CONVERSION = YES;
				GCC_WARN_ABOUT_RETURN_TYPE = YES_ERROR;
				GCC_WARN_UNDECLARED_SELECTOR = YES;
				GCC_WARN_UNINITIALIZED_AUTOS = YES_AGGRESSIVE;
				GCC_WARN_UNUSED_FUNCTION = YES;
				GCC_WARN_UNUSED_VARIABLE = YES;
				IPHONEOS_DEPLOYMENT_TARGET = 9.3;
				MTL_ENABLE_DEBUG_INFO = YES;
				ONLY_ACTIVE_ARCH = YES;
				SDKROOT = iphoneos;
			};
			name = Debug;
		};
		0A32C6861D93CDFC009977C0 /* Release */ = {
			isa = XCBuildConfiguration;
			buildSettings = {
				ALWAYS_SEARCH_USER_PATHS = NO;
				CLANG_ANALYZER_NONNULL = YES;
				CLANG_CXX_LANGUAGE_STANDARD = "gnu++0x";
				CLANG_CXX_LIBRARY = "libc++";
				CLANG_ENABLE_MODULES = YES;
				CLANG_ENABLE_OBJC_ARC = YES;
				CLANG_WARN_BOOL_CONVERSION = YES;
				CLANG_WARN_CONSTANT_CONVERSION = YES;
				CLANG_WARN_DIRECT_OBJC_ISA_USAGE = YES_ERROR;
				CLANG_WARN_EMPTY_BODY = YES;
				CLANG_WARN_ENUM_CONVERSION = YES;
				CLANG_WARN_INT_CONVERSION = YES;
				CLANG_WARN_OBJC_ROOT_CLASS = YES_ERROR;
				CLANG_WARN_UNREACHABLE_CODE = YES;
				CLANG_WARN__DUPLICATE_METHOD_MATCH = YES;
				"CODE_SIGN_IDENTITY[sdk=iphoneos*]" = "iPhone Developer";
				COPY_PHASE_STRIP = NO;
				DEBUG_INFORMATION_FORMAT = "dwarf-with-dsym";
				ENABLE_NS_ASSERTIONS = NO;
				ENABLE_STRICT_OBJC_MSGSEND = YES;
				GCC_C_LANGUAGE_STANDARD = gnu99;
				GCC_NO_COMMON_BLOCKS = YES;
				GCC_WARN_64_TO_32_BIT_CONVERSION = YES;
				GCC_WARN_ABOUT_RETURN_TYPE = YES_ERROR;
				GCC_WARN_UNDECLARED_SELECTOR = YES;
				GCC_WARN_UNINITIALIZED_AUTOS = YES_AGGRESSIVE;
				GCC_WARN_UNUSED_FUNCTION = YES;
				GCC_WARN_UNUSED_VARIABLE = YES;
				IPHONEOS_DEPLOYMENT_TARGET = 9.3;
				MTL_ENABLE_DEBUG_INFO = NO;
				SDKROOT = iphoneos;
				VALIDATE_PRODUCT = YES;
			};
			name = Release;
		};
		0A32C6881D93CDFC009977C0 /* Debug */ = {
			isa = XCBuildConfiguration;
			buildSettings = {
				ASSETCATALOG_COMPILER_APPICON_NAME = AppIcon;
				INFOPLIST_FILE = "02-制作HTML页面/Info.plist";
				LD_RUNPATH_SEARCH_PATHS = "$(inherited) @executable_path/Frameworks";
				PRODUCT_BUNDLE_IDENTIFIER = "com.cago.-2---HTML--";
				PRODUCT_NAME = "$(TARGET_NAME)";
			};
			name = Debug;
		};
		0A32C6891D93CDFC009977C0 /* Release */ = {
			isa = XCBuildConfiguration;
			buildSettings = {
				ASSETCATALOG_COMPILER_APPICON_NAME = AppIcon;
				INFOPLIST_FILE = "02-制作HTML页面/Info.plist";
				LD_RUNPATH_SEARCH_PATHS = "$(inherited) @executable_path/Frameworks";
				PRODUCT_BUNDLE_IDENTIFIER = "com.cago.-2---HTML--";
				PRODUCT_NAME = "$(TARGET_NAME)";
			};
			name = Release;
		};
		0A32C68B1D93CDFC009977C0 /* Debug */ = {
			isa = XCBuildConfiguration;
			buildSettings = {
				BUNDLE_LOADER = "$(TEST_HOST)";
				INFOPLIST_FILE = "02-制作HTML页面Tests/Info.plist";
				LD_RUNPATH_SEARCH_PATHS = "$(inherited) @executable_path/Frameworks @loader_path/Frameworks";
				PRODUCT_BUNDLE_IDENTIFIER = "com.cago.-2---HTML--Tests";
				PRODUCT_NAME = "$(TARGET_NAME)";
				TEST_HOST = "$(BUILT_PRODUCTS_DIR)/02-制作HTML页面.app/02-制作HTML页面";
			};
			name = Debug;
		};
		0A32C68C1D93CDFC009977C0 /* Release */ = {
			isa = XCBuildConfiguration;
			buildSettings = {
				BUNDLE_LOADER = "$(TEST_HOST)";
				INFOPLIST_FILE = "02-制作HTML页面Tests/Info.plist";
				LD_RUNPATH_SEARCH_PATHS = "$(inherited) @executable_path/Frameworks @loader_path/Frameworks";
				PRODUCT_BUNDLE_IDENTIFIER = "com.cago.-2---HTML--Tests";
				PRODUCT_NAME = "$(TARGET_NAME)";
				TEST_HOST = "$(BUILT_PRODUCTS_DIR)/02-制作HTML页面.app/02-制作HTML页面";
			};
			name = Release;
		};
		0A32C68E1D93CDFC009977C0 /* Debug */ = {
			isa = XCBuildConfiguration;
			buildSettings = {
				INFOPLIST_FILE = "02-制作HTML页面UITests/Info.plist";
				LD_RUNPATH_SEARCH_PATHS = "$(inherited) @executable_path/Frameworks @loader_path/Frameworks";
				PRODUCT_BUNDLE_IDENTIFIER = "com.cago.-2---HTML--UITests";
				PRODUCT_NAME = "$(TARGET_NAME)";
				TEST_TARGET_NAME = "02-制作HTML页面";
			};
			name = Debug;
		};
		0A32C68F1D93CDFC009977C0 /* Release */ = {
			isa = XCBuildConfiguration;
			buildSettings = {
				INFOPLIST_FILE = "02-制作HTML页面UITests/Info.plist";
				LD_RUNPATH_SEARCH_PATHS = "$(inherited) @executable_path/Frameworks @loader_path/Frameworks";
				PRODUCT_BUNDLE_IDENTIFIER = "com.cago.-2---HTML--UITests";
				PRODUCT_NAME = "$(TARGET_NAME)";
				TEST_TARGET_NAME = "02-制作HTML页面";
			};
			name = Release;
		};
/* End XCBuildConfiguration section */

/* Begin XCConfigurationList section */
		0A32C6551D93CDFC009977C0 /* Build configuration list for PBXProject "02-制作HTML页面" */ = {
			isa = XCConfigurationList;
			buildConfigurations = (
				0A32C6851D93CDFC009977C0 /* Debug */,
				0A32C6861D93CDFC009977C0 /* Release */,
			);
			defaultConfigurationIsVisible = 0;
			defaultConfigurationName = Release;
		};
		0A32C6871D93CDFC009977C0 /* Build configuration list for PBXNativeTarget "02-制作HTML页面" */ = {
			isa = XCConfigurationList;
			buildConfigurations = (
				0A32C6881D93CDFC009977C0 /* Debug */,
				0A32C6891D93CDFC009977C0 /* Release */,
			);
			defaultConfigurationIsVisible = 0;
		};
		0A32C68A1D93CDFC009977C0 /* Build configuration list for PBXNativeTarget "02-制作HTML页面Tests" */ = {
			isa = XCConfigurationList;
			buildConfigurations = (
				0A32C68B1D93CDFC009977C0 /* Debug */,
				0A32C68C1D93CDFC009977C0 /* Release */,
			);
			defaultConfigurationIsVisible = 0;
		};
		0A32C68D1D93CDFC009977C0 /* Build configuration list for PBXNativeTarget "02-制作HTML页面UITests" */ = {
			isa = XCConfigurationList;
			buildConfigurations = (
				0A32C68E1D93CDFC009977C0 /* Debug */,
				0A32C68F1D93CDFC009977C0 /* Release */,
			);
			defaultConfigurationIsVisible = 0;
		};
/* End XCConfigurationList section */
	};
	rootObject = 0A32C6521D93CDFC009977C0 /* Project object */;
}
