// !$*UTF8*$!
{
	archiveVersion = 1;
	classes = {
	};
	objectVersion = 46;
	objects = {

/* Begin PBXBuildFile section */
		0AAD0A9C1D82C8DE00AFAC7E /* main.m in Sources */ = {isa = PBXBuildFile; fileRef = 0AAD0A9B1D82C8DE00AFAC7E /* main.m */; };
		0AAD0A9F1D82C8DE00AFAC7E /* AppDelegate.m in Sources */ = {isa = PBXBuildFile; fileRef = 0AAD0A9E1D82C8DE00AFAC7E /* AppDelegate.m */; };
		0AAD0AA71D82C8DE00AFAC7E /* Assets.xcassets in Resources */ = {isa = PBXBuildFile; fileRef = 0AAD0AA61D82C8DE00AFAC7E /* Assets.xcassets */; };
		0AAD0AAA1D82C8DE00AFAC7E /* LaunchScreen.storyboard in Resources */ = {isa = PBXBuildFile; fileRef = 0AAD0AA81D82C8DE00AFAC7E /* LaunchScreen.storyboard */; };
		0AAD0AB51D82C8DE00AFAC7E /* __Tests.m in Sources */ = {isa = PBXBuildFile; fileRef = 0AAD0AB41D82C8DE00AFAC7E /* __Tests.m */; };
		0AAD0AC01D82C8DE00AFAC7E /* __UITests.m in Sources */ = {isa = PBXBuildFile; fileRef = 0AAD0ABF1D82C8DE00AFAC7E /* __UITests.m */; };
		18B750F779190428063F1405 /* libPods.a in Frameworks */ = {isa = PBXBuildFile; fileRef = F1AA7527CEF210BC1C6FC086 /* libPods.a */; };
/* End PBXBuildFile section */

/* Begin PBXContainerItemProxy section */
		0AAD0AB11D82C8DE00AFAC7E /* PBXContainerItemProxy */ = {
			isa = PBXContainerItemProxy;
			containerPortal = 0AAD0A8F1D82C8DE00AFAC7E /* Project object */;
			proxyType = 1;
			remoteGlobalIDString = 0AAD0A961D82C8DE00AFAC7E;
			remoteInfo = "环信";
		};
		0AAD0ABC1D82C8DE00AFAC7E /* PBXContainerItemProxy */ = {
			isa = PBXContainerItemProxy;
			containerPortal = 0AAD0A8F1D82C8DE00AFAC7E /* Project object */;
			proxyType = 1;
			remoteGlobalIDString = 0AAD0A961D82C8DE00AFAC7E;
			remoteInfo = "环信";
		};
/* End PBXContainerItemProxy section */

/* Begin PBXFileReference section */
		0AAD0A971D82C8DE00AFAC7E /* 环信.app */ = {isa = PBXFileReference; explicitFileType = wrapper.application; includeInIndex = 0; path = "环信.app"; sourceTree = BUILT_PRODUCTS_DIR; };
		0AAD0A9B1D82C8DE00AFAC7E /* main.m */ = {isa = PBXFileReference; lastKnownFileType = sourcecode.c.objc; path = main.m; sourceTree = "<group>"; };
		0AAD0A9D1D82C8DE00AFAC7E /* AppDelegate.h */ = {isa = PBXFileReference; lastKnownFileType = sourcecode.c.h; path = AppDelegate.h; sourceTree = "<group>"; };
		0AAD0A9E1D82C8DE00AFAC7E /* AppDelegate.m */ = {isa = PBXFileReference; lastKnownFileType = sourcecode.c.objc; path = AppDelegate.m; sourceTree = "<group>"; };
		0AAD0AA61D82C8DE00AFAC7E /* Assets.xcassets */ = {isa = PBXFileReference; lastKnownFileType = folder.assetcatalog; path = Assets.xcassets; sourceTree = "<group>"; };
		0AAD0AA91D82C8DE00AFAC7E /* Base */ = {isa = PBXFileReference; lastKnownFileType = file.storyboard; name = Base; path = Base.lproj/LaunchScreen.storyboard; sourceTree = "<group>"; };
		0AAD0AAB1D82C8DE00AFAC7E /* Info.plist */ = {isa = PBXFileReference; lastKnownFileType = text.plist.xml; path = Info.plist; sourceTree = "<group>"; };
		0AAD0AB01D82C8DE00AFAC7E /* 环信Tests.xctest */ = {isa = PBXFileReference; explicitFileType = wrapper.cfbundle; includeInIndex = 0; path = "环信Tests.xctest"; sourceTree = BUILT_PRODUCTS_DIR; };
		0AAD0AB41D82C8DE00AFAC7E /* __Tests.m */ = {isa = PBXFileReference; lastKnownFileType = sourcecode.c.objc; path = __Tests.m; sourceTree = "<group>"; };
		0AAD0AB61D82C8DE00AFAC7E /* Info.plist */ = {isa = PBXFileReference; lastKnownFileType = text.plist.xml; path = Info.plist; sourceTree = "<group>"; };
		0AAD0ABB1D82C8DE00AFAC7E /* 环信UITests.xctest */ = {isa = PBXFileReference; explicitFileType = wrapper.cfbundle; includeInIndex = 0; path = "环信UITests.xctest"; sourceTree = BUILT_PRODUCTS_DIR; };
		0AAD0ABF1D82C8DE00AFAC7E /* __UITests.m */ = {isa = PBXFileReference; lastKnownFileType = sourcecode.c.objc; path = __UITests.m; sourceTree = "<group>"; };
		0AAD0AC11D82C8DE00AFAC7E /* Info.plist */ = {isa = PBXFileReference; lastKnownFileType = text.plist.xml; path = Info.plist; sourceTree = "<group>"; };
		6F7ABADED5585B01E1C211E4 /* Pods.release.xcconfig */ = {isa = PBXFileReference; includeInIndex = 1; lastKnownFileType = text.xcconfig; name = Pods.release.xcconfig; path = "Pods/Target Support Files/Pods/Pods.release.xcconfig"; sourceTree = "<group>"; };
		712A1F079A71E4EC2A417EF4 /* Pods.debug.xcconfig */ = {isa = PBXFileReference; includeInIndex = 1; lastKnownFileType = text.xcconfig; name = Pods.debug.xcconfig; path = "Pods/Target Support Files/Pods/Pods.debug.xcconfig"; sourceTree = "<group>"; };
		F1AA7527CEF210BC1C6FC086 /* libPods.a */ = {isa = PBXFileReference; explicitFileType = archive.ar; includeInIndex = 0; path = libPods.a; sourceTree = BUILT_PRODUCTS_DIR; };
/* End PBXFileReference section */

/* Begin PBXFrameworksBuildPhase section */
		0AAD0A941D82C8DE00AFAC7E /* Frameworks */ = {
			isa = PBXFrameworksBuildPhase;
			buildActionMask = 2147483647;
			files = (
				18B750F779190428063F1405 /* libPods.a in Frameworks */,
			);
			runOnlyForDeploymentPostprocessing = 0;
		};
		0AAD0AAD1D82C8DE00AFAC7E /* Frameworks */ = {
			isa = PBXFrameworksBuildPhase;
			buildActionMask = 2147483647;
			files = (
			);
			runOnlyForDeploymentPostprocessing = 0;
		};
		0AAD0AB81D82C8DE00AFAC7E /* Frameworks */ = {
			isa = PBXFrameworksBuildPhase;
			buildActionMask = 2147483647;
			files = (
			);
			runOnlyForDeploymentPostprocessing = 0;
		};
/* End PBXFrameworksBuildPhase section */

/* Begin PBXGroup section */
		035C99B3DB294BE1F5E743DF /* Frameworks */ = {
			isa = PBXGroup;
			children = (
				F1AA7527CEF210BC1C6FC086 /* libPods.a */,
			);
			name = Frameworks;
			sourceTree = "<group>";
		};
		0AAD0A8E1D82C8DE00AFAC7E = {
			isa = PBXGroup;
			children = (
				0AAD0A991D82C8DE00AFAC7E /* 环信 */,
				0AAD0AB31D82C8DE00AFAC7E /* 环信Tests */,
				0AAD0ABE1D82C8DE00AFAC7E /* 环信UITests */,
				0AAD0A981D82C8DE00AFAC7E /* Products */,
				D8D52795A074C94275B1AEA0 /* Pods */,
				035C99B3DB294BE1F5E743DF /* Frameworks */,
			);
			sourceTree = "<group>";
		};
		0AAD0A981D82C8DE00AFAC7E /* Products */ = {
			isa = PBXGroup;
			children = (
				0AAD0A971D82C8DE00AFAC7E /* 环信.app */,
				0AAD0AB01D82C8DE00AFAC7E /* 环信Tests.xctest */,
				0AAD0ABB1D82C8DE00AFAC7E /* 环信UITests.xctest */,
			);
			name = Products;
			sourceTree = "<group>";
		};
		0AAD0A991D82C8DE00AFAC7E /* 环信 */ = {
			isa = PBXGroup;
			children = (
				0AAD0A9D1D82C8DE00AFAC7E /* AppDelegate.h */,
				0AAD0A9E1D82C8DE00AFAC7E /* AppDelegate.m */,
				0AAD0AA61D82C8DE00AFAC7E /* Assets.xcassets */,
				0AAD0AA81D82C8DE00AFAC7E /* LaunchScreen.storyboard */,
				0AAD0AAB1D82C8DE00AFAC7E /* Info.plist */,
				0AAD0A9A1D82C8DE00AFAC7E /* Supporting Files */,
			);
			path = "环信";
			sourceTree = "<group>";
		};
		0AAD0A9A1D82C8DE00AFAC7E /* Supporting Files */ = {
			isa = PBXGroup;
			children = (
				0AAD0A9B1D82C8DE00AFAC7E /* main.m */,
			);
			name = "Supporting Files";
			sourceTree = "<group>";
		};
		0AAD0AB31D82C8DE00AFAC7E /* 环信Tests */ = {
			isa = PBXGroup;
			children = (
				0AAD0AB41D82C8DE00AFAC7E /* __Tests.m */,
				0AAD0AB61D82C8DE00AFAC7E /* Info.plist */,
			);
			path = "环信Tests";
			sourceTree = "<group>";
		};
		0AAD0ABE1D82C8DE00AFAC7E /* 环信UITests */ = {
			isa = PBXGroup;
			children = (
				0AAD0ABF1D82C8DE00AFAC7E /* __UITests.m */,
				0AAD0AC11D82C8DE00AFAC7E /* Info.plist */,
			);
			path = "环信UITests";
			sourceTree = "<group>";
		};
		D8D52795A074C94275B1AEA0 /* Pods */ = {
			isa = PBXGroup;
			children = (
				712A1F079A71E4EC2A417EF4 /* Pods.debug.xcconfig */,
				6F7ABADED5585B01E1C211E4 /* Pods.release.xcconfig */,
			);
			name = Pods;
			sourceTree = "<group>";
		};
/* End PBXGroup section */

/* Begin PBXNativeTarget section */
		0AAD0A961D82C8DE00AFAC7E /* 环信 */ = {
			isa = PBXNativeTarget;
			buildConfigurationList = 0AAD0AC41D82C8DE00AFAC7E /* Build configuration list for PBXNativeTarget "环信" */;
			buildPhases = (
				A5CBB4DD4B31DB3F58CD251D /* Check Pods Manifest.lock */,
				0AAD0A931D82C8DE00AFAC7E /* Sources */,
				0AAD0A941D82C8DE00AFAC7E /* Frameworks */,
				0AAD0A951D82C8DE00AFAC7E /* Resources */,
				08398712114CD2713933DA89 /* Embed Pods Frameworks */,
				251A07A2E673B7D35D80DA56 /* Copy Pods Resources */,
			);
			buildRules = (
			);
			dependencies = (
			);
			name = "环信";
			productName = "环信";
			productReference = 0AAD0A971D82C8DE00AFAC7E /* 环信.app */;
			productType = "com.apple.product-type.application";
		};
		0AAD0AAF1D82C8DE00AFAC7E /* 环信Tests */ = {
			isa = PBXNativeTarget;
			buildConfigurationList = 0AAD0AC71D82C8DE00AFAC7E /* Build configuration list for PBXNativeTarget "环信Tests" */;
			buildPhases = (
				0AAD0AAC1D82C8DE00AFAC7E /* Sources */,
				0AAD0AAD1D82C8DE00AFAC7E /* Frameworks */,
				0AAD0AAE1D82C8DE00AFAC7E /* Resources */,
			);
			buildRules = (
			);
			dependencies = (
				0AAD0AB21D82C8DE00AFAC7E /* PBXTargetDependency */,
			);
			name = "环信Tests";
			productName = "环信Tests";
			productReference = 0AAD0AB01D82C8DE00AFAC7E /* 环信Tests.xctest */;
			productType = "com.apple.product-type.bundle.unit-test";
		};
		0AAD0ABA1D82C8DE00AFAC7E /* 环信UITests */ = {
			isa = PBXNativeTarget;
			buildConfigurationList = 0AAD0ACA1D82C8DE00AFAC7E /* Build configuration list for PBXNativeTarget "环信UITests" */;
			buildPhases = (
				0AAD0AB71D82C8DE00AFAC7E /* Sources */,
				0AAD0AB81D82C8DE00AFAC7E /* Frameworks */,
				0AAD0AB91D82C8DE00AFAC7E /* Resources */,
			);
			buildRules = (
			);
			dependencies = (
				0AAD0ABD1D82C8DE00AFAC7E /* PBXTargetDependency */,
			);
			name = "环信UITests";
			productName = "环信UITests";
			productReference = 0AAD0ABB1D82C8DE00AFAC7E /* 环信UITests.xctest */;
			productType = "com.apple.product-type.bundle.ui-testing";
		};
/* End PBXNativeTarget section */

/* Begin PBXProject section */
		0AAD0A8F1D82C8DE00AFAC7E /* Project object */ = {
			isa = PBXProject;
			attributes = {
				LastUpgradeCheck = 0730;
				ORGANIZATIONNAME = "张俊凯";
				TargetAttributes = {
					0AAD0A961D82C8DE00AFAC7E = {
						CreatedOnToolsVersion = 7.3.1;
					};
					0AAD0AAF1D82C8DE00AFAC7E = {
						CreatedOnToolsVersion = 7.3.1;
						TestTargetID = 0AAD0A961D82C8DE00AFAC7E;
					};
					0AAD0ABA1D82C8DE00AFAC7E = {
						CreatedOnToolsVersion = 7.3.1;
						TestTargetID = 0AAD0A961D82C8DE00AFAC7E;
					};
				};
			};
			buildConfigurationList = 0AAD0A921D82C8DE00AFAC7E /* Build configuration list for PBXProject "环信" */;
			compatibilityVersion = "Xcode 3.2";
			developmentRegion = English;
			hasScannedForEncodings = 0;
			knownRegions = (
				en,
				Base,
			);
			mainGroup = 0AAD0A8E1D82C8DE00AFAC7E;
			productRefGroup = 0AAD0A981D82C8DE00AFAC7E /* Products */;
			projectDirPath = "";
			projectRoot = "";
			targets = (
				0AAD0A961D82C8DE00AFAC7E /* 环信 */,
				0AAD0AAF1D82C8DE00AFAC7E /* 环信Tests */,
				0AAD0ABA1D82C8DE00AFAC7E /* 环信UITests */,
			);
		};
/* End PBXProject section */

/* Begin PBXResourcesBuildPhase section */
		0AAD0A951D82C8DE00AFAC7E /* Resources */ = {
			isa = PBXResourcesBuildPhase;
			buildActionMask = 2147483647;
			files = (
				0AAD0AAA1D82C8DE00AFAC7E /* LaunchScreen.storyboard in Resources */,
				0AAD0AA71D82C8DE00AFAC7E /* Assets.xcassets in Resources */,
			);
			runOnlyForDeploymentPostprocessing = 0;
		};
		0AAD0AAE1D82C8DE00AFAC7E /* Resources */ = {
			isa = PBXResourcesBuildPhase;
			buildActionMask = 2147483647;
			files = (
			);
			runOnlyForDeploymentPostprocessing = 0;
		};
		0AAD0AB91D82C8DE00AFAC7E /* Resources */ = {
			isa = PBXResourcesBuildPhase;
			buildActionMask = 2147483647;
			files = (
			);
			runOnlyForDeploymentPostprocessing = 0;
		};
/* End PBXResourcesBuildPhase section */

/* Begin PBXShellScriptBuildPhase section */
		08398712114CD2713933DA89 /* Embed Pods Frameworks */ = {
			isa = PBXShellScriptBuildPhase;
			buildActionMask = 2147483647;
			files = (
			);
			inputPaths = (
			);
			name = "Embed Pods Frameworks";
			outputPaths = (
			);
			runOnlyForDeploymentPostprocessing = 0;
			shellPath = /bin/sh;
			shellScript = "\"${SRCROOT}/Pods/Target Support Files/Pods/Pods-frameworks.sh\"\n";
			showEnvVarsInLog = 0;
		};
		251A07A2E673B7D35D80DA56 /* Copy Pods Resources */ = {
			isa = PBXShellScriptBuildPhase;
			buildActionMask = 2147483647;
			files = (
			);
			inputPaths = (
			);
			name = "Copy Pods Resources";
			outputPaths = (
			);
			runOnlyForDeploymentPostprocessing = 0;
			shellPath = /bin/sh;
			shellScript = "\"${SRCROOT}/Pods/Target Support Files/Pods/Pods-resources.sh\"\n";
			showEnvVarsInLog = 0;
		};
		A5CBB4DD4B31DB3F58CD251D /* Check Pods Manifest.lock */ = {
			isa = PBXShellScriptBuildPhase;
			buildActionMask = 2147483647;
			files = (
			);
			inputPaths = (
			);
			name = "Check Pods Manifest.lock";
			outputPaths = (
			);
			runOnlyForDeploymentPostprocessing = 0;
			shellPath = /bin/sh;
			shellScript = "diff \"${PODS_ROOT}/../Podfile.lock\" \"${PODS_ROOT}/Manifest.lock\" > /dev/null\nif [[ $? != 0 ]] ; then\n    cat << EOM\nerror: The sandbox is not in sync with the Podfile.lock. Run 'pod install' or update your CocoaPods installation.\nEOM\n    exit 1\nfi\n";
			showEnvVarsInLog = 0;
		};
/* End PBXShellScriptBuildPhase section */

/* Begin PBXSourcesBuildPhase section */
		0AAD0A931D82C8DE00AFAC7E /* Sources */ = {
			isa = PBXSourcesBuildPhase;
			buildActionMask = 2147483647;
			files = (
				0AAD0A9F1D82C8DE00AFAC7E /* AppDelegate.m in Sources */,
				0AAD0A9C1D82C8DE00AFAC7E /* main.m in Sources */,
			);
			runOnlyForDeploymentPostprocessing = 0;
		};
		0AAD0AAC1D82C8DE00AFAC7E /* Sources */ = {
			isa = PBXSourcesBuildPhase;
			buildActionMask = 2147483647;
			files = (
				0AAD0AB51D82C8DE00AFAC7E /* __Tests.m in Sources */,
			);
			runOnlyForDeploymentPostprocessing = 0;
		};
		0AAD0AB71D82C8DE00AFAC7E /* Sources */ = {
			isa = PBXSourcesBuildPhase;
			buildActionMask = 2147483647;
			files = (
				0AAD0AC01D82C8DE00AFAC7E /* __UITests.m in Sources */,
			);
			runOnlyForDeploymentPostprocessing = 0;
		};
/* End PBXSourcesBuildPhase section */

/* Begin PBXTargetDependency section */
		0AAD0AB21D82C8DE00AFAC7E /* PBXTargetDependency */ = {
			isa = PBXTargetDependency;
			target = 0AAD0A961D82C8DE00AFAC7E /* 环信 */;
			targetProxy = 0AAD0AB11D82C8DE00AFAC7E /* PBXContainerItemProxy */;
		};
		0AAD0ABD1D82C8DE00AFAC7E /* PBXTargetDependency */ = {
			isa = PBXTargetDependency;
			target = 0AAD0A961D82C8DE00AFAC7E /* 环信 */;
			targetProxy = 0AAD0ABC1D82C8DE00AFAC7E /* PBXContainerItemProxy */;
		};
/* End PBXTargetDependency section */

/* Begin PBXVariantGroup section */
		0AAD0AA81D82C8DE00AFAC7E /* LaunchScreen.storyboard */ = {
			isa = PBXVariantGroup;
			children = (
				0AAD0AA91D82C8DE00AFAC7E /* Base */,
			);
			name = LaunchScreen.storyboard;
			sourceTree = "<group>";
		};
/* End PBXVariantGroup section */

/* Begin XCBuildConfiguration section */
		0AAD0AC21D82C8DE00AFAC7E /* Debug */ = {
			isa = XCBuildConfiguration;
			buildSettings = {
				ALWAYS_SEARCH_USER_PATHS = NO;
				CLANG_ANALYZER_NONNULL = YES;
				CLANG_CXX_LANGUAGE_STANDARD = "gnu++0x";
				CLANG_CXX_LIBRARY = "libc++";
				CLANG_ENABLE_MODULES = YES;
				CLANG_ENABLE_OBJC_ARC = YES;
				CLANG_WARN_BOOL_CONVERSION = YES;
				CLANG_WARN_CONSTANT_CONVERSION = YES;
				CLANG_WARN_DIRECT_OBJC_ISA_USAGE = YES_ERROR;
				CLANG_WARN_EMPTY_BODY = YES;
				CLANG_WARN_ENUM_CONVERSION = YES;
				CLANG_WARN_INT_CONVERSION = YES;
				CLANG_WARN_OBJC_ROOT_CLASS = YES_ERROR;
				CLANG_WARN_UNREACHABLE_CODE = YES;
				CLANG_WARN__DUPLICATE_METHOD_MATCH = YES;
				"CODE_SIGN_IDENTITY[sdk=iphoneos*]" = "iPhone Developer";
				COPY_PHASE_STRIP = NO;
				DEBUG_INFORMATION_FORMAT = dwarf;
				ENABLE_STRICT_OBJC_MSGSEND = YES;
				ENABLE_TESTABILITY = YES;
				GCC_C_LANGUAGE_STANDARD = gnu99;
				GCC_DYNAMIC_NO_PIC = NO;
				GCC_NO_COMMON_BLOCKS = YES;
				GCC_OPTIMIZATION_LEVEL = 0;
				GCC_PREPROCESSOR_DEFINITIONS = (
					"DEBUG=1",
					"$(inherited)",
				);
				GCC_WARN_64_TO_32_BIT_CONVERSION = YES;
				GCC_WARN_ABOUT_RETURN_TYPE = YES_ERROR;
				GCC_WARN_UNDECLARED_SELECTOR = YES;
				GCC_WARN_UNINITIALIZED_AUTOS = YES_AGGRESSIVE;
				GCC_WARN_UNUSED_FUNCTION = YES;
				GCC_WARN_UNUSED_VARIABLE = YES;
				IPHONEOS_DEPLOYMENT_TARGET = 9.3;
				MTL_ENABLE_DEBUG_INFO = YES;
				ONLY_ACTIVE_ARCH = YES;
				SDKROOT = iphoneos;
			};
			name = Debug;
		};
		0AAD0AC31D82C8DE00AFAC7E /* Release */ = {
			isa = XCBuildConfiguration;
			buildSettings = {
				ALWAYS_SEARCH_USER_PATHS = NO;
				CLANG_ANALYZER_NONNULL = YES;
				CLANG_CXX_LANGUAGE_STANDARD = "gnu++0x";
				CLANG_CXX_LIBRARY = "libc++";
				CLANG_ENABLE_MODULES = YES;
				CLANG_ENABLE_OBJC_ARC = YES;
				CLANG_WARN_BOOL_CONVERSION = YES;
				CLANG_WARN_CONSTANT_CONVERSION = YES;
				CLANG_WARN_DIRECT_OBJC_ISA_USAGE = YES_ERROR;
				CLANG_WARN_EMPTY_BODY = YES;
				CLANG_WARN_ENUM_CONVERSION = YES;
				CLANG_WARN_INT_CONVERSION = YES;
				CLANG_WARN_OBJC_ROOT_CLASS = YES_ERROR;
				CLANG_WARN_UNREACHABLE_CODE = YES;
				CLANG_WARN__DUPLICATE_METHOD_MATCH = YES;
				"CODE_SIGN_IDENTITY[sdk=iphoneos*]" = "iPhone Developer";
				COPY_PHASE_STRIP = NO;
				DEBUG_INFORMATION_FORMAT = "dwarf-with-dsym";
				ENABLE_NS_ASSERTIONS = NO;
				ENABLE_STRICT_OBJC_MSGSEND = YES;
				GCC_C_LANGUAGE_STANDARD = gnu99;
				GCC_NO_COMMON_BLOCKS = YES;
				GCC_WARN_64_TO_32_BIT_CONVERSION = YES;
				GCC_WARN_ABOUT_RETURN_TYPE = YES_ERROR;
				GCC_WARN_UNDECLARED_SELECTOR = YES;
				GCC_WARN_UNINITIALIZED_AUTOS = YES_AGGRESSIVE;
				GCC_WARN_UNUSED_FUNCTION = YES;
				GCC_WARN_UNUSED_VARIABLE = YES;
				IPHONEOS_DEPLOYMENT_TARGET = 9.3;
				MTL_ENABLE_DEBUG_INFO = NO;
				SDKROOT = iphoneos;
				VALIDATE_PRODUCT = YES;
			};
			name = Release;
		};
		0AAD0AC51D82C8DE00AFAC7E /* Debug */ = {
			isa = XCBuildConfiguration;
			baseConfigurationReference = 712A1F079A71E4EC2A417EF4 /* Pods.debug.xcconfig */;
			buildSettings = {
				ASSETCATALOG_COMPILER_APPICON_NAME = AppIcon;
				INFOPLIST_FILE = "环信/Info.plist";
				LD_RUNPATH_SEARCH_PATHS = "$(inherited) @executable_path/Frameworks";
				PRODUCT_BUNDLE_IDENTIFIER = "com.cago.--";
				PRODUCT_NAME = "$(TARGET_NAME)";
			};
			name = Debug;
		};
		0AAD0AC61D82C8DE00AFAC7E /* Release */ = {
			isa = XCBuildConfiguration;
			baseConfigurationReference = 6F7ABADED5585B01E1C211E4 /* Pods.release.xcconfig */;
			buildSettings = {
				ASSETCATALOG_COMPILER_APPICON_NAME = AppIcon;
				INFOPLIST_FILE = "环信/Info.plist";
				LD_RUNPATH_SEARCH_PATHS = "$(inherited) @executable_path/Frameworks";
				PRODUCT_BUNDLE_IDENTIFIER = "com.cago.--";
				PRODUCT_NAME = "$(TARGET_NAME)";
			};
			name = Release;
		};
		0AAD0AC81D82C8DE00AFAC7E /* Debug */ = {
			isa = XCBuildConfiguration;
			buildSettings = {
				BUNDLE_LOADER = "$(TEST_HOST)";
				INFOPLIST_FILE = "环信Tests/Info.plist";
				LD_RUNPATH_SEARCH_PATHS = "$(inherited) @executable_path/Frameworks @loader_path/Frameworks";
				PRODUCT_BUNDLE_IDENTIFIER = "com.cago.--Tests";
				PRODUCT_NAME = "$(TARGET_NAME)";
				TEST_HOST = "$(BUILT_PRODUCTS_DIR)/环信.app/环信";
			};
			name = Debug;
		};
		0AAD0AC91D82C8DE00AFAC7E /* Release */ = {
			isa = XCBuildConfiguration;
			buildSettings = {
				BUNDLE_LOADER = "$(TEST_HOST)";
				INFOPLIST_FILE = "环信Tests/Info.plist";
				LD_RUNPATH_SEARCH_PATHS = "$(inherited) @executable_path/Frameworks @loader_path/Frameworks";
				PRODUCT_BUNDLE_IDENTIFIER = "com.cago.--Tests";
				PRODUCT_NAME = "$(TARGET_NAME)";
				TEST_HOST = "$(BUILT_PRODUCTS_DIR)/环信.app/环信";
			};
			name = Release;
		};
		0AAD0ACB1D82C8DE00AFAC7E /* Debug */ = {
			isa = XCBuildConfiguration;
			buildSettings = {
				INFOPLIST_FILE = "环信UITests/Info.plist";
				LD_RUNPATH_SEARCH_PATHS = "$(inherited) @executable_path/Frameworks @loader_path/Frameworks";
				PRODUCT_BUNDLE_IDENTIFIER = "com.cago.--UITests";
				PRODUCT_NAME = "$(TARGET_NAME)";
				TEST_TARGET_NAME = "环信";
			};
			name = Debug;
		};
		0AAD0ACC1D82C8DE00AFAC7E /* Release */ = {
			isa = XCBuildConfiguration;
			buildSettings = {
				INFOPLIST_FILE = "环信UITests/Info.plist";
				LD_RUNPATH_SEARCH_PATHS = "$(inherited) @executable_path/Frameworks @loader_path/Frameworks";
				PRODUCT_BUNDLE_IDENTIFIER = "com.cago.--UITests";
				PRODUCT_NAME = "$(TARGET_NAME)";
				TEST_TARGET_NAME = "环信";
			};
			name = Release;
		};
/* End XCBuildConfiguration section */

/* Begin XCConfigurationList section */
		0AAD0A921D82C8DE00AFAC7E /* Build configuration list for PBXProject "环信" */ = {
			isa = XCConfigurationList;
			buildConfigurations = (
				0AAD0AC21D82C8DE00AFAC7E /* Debug */,
				0AAD0AC31D82C8DE00AFAC7E /* Release */,
			);
			defaultConfigurationIsVisible = 0;
			defaultConfigurationName = Release;
		};
		0AAD0AC41D82C8DE00AFAC7E /* Build configuration list for PBXNativeTarget "环信" */ = {
			isa = XCConfigurationList;
			buildConfigurations = (
				0AAD0AC51D82C8DE00AFAC7E /* Debug */,
				0AAD0AC61D82C8DE00AFAC7E /* Release */,
			);
			defaultConfigurationIsVisible = 0;
			defaultConfigurationName = Release;
		};
		0AAD0AC71D82C8DE00AFAC7E /* Build configuration list for PBXNativeTarget "环信Tests" */ = {
			isa = XCConfigurationList;
			buildConfigurations = (
				0AAD0AC81D82C8DE00AFAC7E /* Debug */,
				0AAD0AC91D82C8DE00AFAC7E /* Release */,
			);
			defaultConfigurationIsVisible = 0;
			defaultConfigurationName = Release;
		};
		0AAD0ACA1D82C8DE00AFAC7E /* Build configuration list for PBXNativeTarget "环信UITests" */ = {
			isa = XCConfigurationList;
			buildConfigurations = (
				0AAD0ACB1D82C8DE00AFAC7E /* Debug */,
				0AAD0ACC1D82C8DE00AFAC7E /* Release */,
			);
			defaultConfigurationIsVisible = 0;
			defaultConfigurationName = Release;
		};
/* End XCConfigurationList section */
	};
	rootObject = 0AAD0A8F1D82C8DE00AFAC7E /* Project object */;
}
