// !$*UTF8*$!
{
	archiveVersion = 1;
	classes = {
	};
	objectVersion = 46;
	objects = {

/* Begin PBXBuildFile section */
		0A32C6191D93C61D009977C0 /* main.m in Sources */ = {isa = PBXBuildFile; fileRef = 0A32C6181D93C61D009977C0 /* main.m */; };
		0A32C61C1D93C61D009977C0 /* AppDelegate.m in Sources */ = {isa = PBXBuildFile; fileRef = 0A32C61B1D93C61D009977C0 /* AppDelegate.m */; };
		0A32C61F1D93C61D009977C0 /* ViewController.m in Sources */ = {isa = PBXBuildFile; fileRef = 0A32C61E1D93C61D009977C0 /* ViewController.m */; };
		0A32C6221D93C61D009977C0 /* Main.storyboard in Resources */ = {isa = PBXBuildFile; fileRef = 0A32C6201D93C61D009977C0 /* Main.storyboard */; };
		0A32C6241D93C61D009977C0 /* Assets.xcassets in Resources */ = {isa = PBXBuildFile; fileRef = 0A32C6231D93C61D009977C0 /* Assets.xcassets */; };
		0A32C6271D93C61D009977C0 /* LaunchScreen.storyboard in Resources */ = {isa = PBXBuildFile; fileRef = 0A32C6251D93C61D009977C0 /* LaunchScreen.storyboard */; };
		0A32C6321D93C61D009977C0 /* OC__HTMLTests.m in Sources */ = {isa = PBXBuildFile; fileRef = 0A32C6311D93C61D009977C0 /* OC__HTMLTests.m */; };
		0A32C63D1D93C61E009977C0 /* OC__HTMLUITests.m in Sources */ = {isa = PBXBuildFile; fileRef = 0A32C63C1D93C61E009977C0 /* OC__HTMLUITests.m */; };
		0A32C64E1D93C66E009977C0 /* index.html in Resources */ = {isa = PBXBuildFile; fileRef = 0A32C64D1D93C66E009977C0 /* index.html */; };
		0A32C6501D93CC33009977C0 /* img_01.jpg in Resources */ = {isa = PBXBuildFile; fileRef = 0A32C64F1D93CC33009977C0 /* img_01.jpg */; };
/* End PBXBuildFile section */

/* Begin PBXContainerItemProxy section */
		0A32C62E1D93C61D009977C0 /* PBXContainerItemProxy */ = {
			isa = PBXContainerItemProxy;
			containerPortal = 0A32C60C1D93C61D009977C0 /* Project object */;
			proxyType = 1;
			remoteGlobalIDString = 0A32C6131D93C61D009977C0;
			remoteInfo = "OC调用HTML";
		};
		0A32C6391D93C61E009977C0 /* PBXContainerItemProxy */ = {
			isa = PBXContainerItemProxy;
			containerPortal = 0A32C60C1D93C61D009977C0 /* Project object */;
			proxyType = 1;
			remoteGlobalIDString = 0A32C6131D93C61D009977C0;
			remoteInfo = "OC调用HTML";
		};
/* End PBXContainerItemProxy section */

/* Begin PBXFileReference section */
		0A32C6141D93C61D009977C0 /* OC调用HTML.app */ = {isa = PBXFileReference; explicitFileType = wrapper.application; includeInIndex = 0; path = "OC调用HTML.app"; sourceTree = BUILT_PRODUCTS_DIR; };
		0A32C6181D93C61D009977C0 /* main.m */ = {isa = PBXFileReference; lastKnownFileType = sourcecode.c.objc; path = main.m; sourceTree = "<group>"; };
		0A32C61A1D93C61D009977C0 /* AppDelegate.h */ = {isa = PBXFileReference; lastKnownFileType = sourcecode.c.h; path = AppDelegate.h; sourceTree = "<group>"; };
		0A32C61B1D93C61D009977C0 /* AppDelegate.m */ = {isa = PBXFileReference; lastKnownFileType = sourcecode.c.objc; path = AppDelegate.m; sourceTree = "<group>"; };
		0A32C61D1D93C61D009977C0 /* ViewController.h */ = {isa = PBXFileReference; lastKnownFileType = sourcecode.c.h; path = ViewController.h; sourceTree = "<group>"; };
		0A32C61E1D93C61D009977C0 /* ViewController.m */ = {isa = PBXFileReference; lastKnownFileType = sourcecode.c.objc; path = ViewController.m; sourceTree = "<group>"; };
		0A32C6211D93C61D009977C0 /* Base */ = {isa = PBXFileReference; lastKnownFileType = file.storyboard; name = Base; path = Base.lproj/Main.storyboard; sourceTree = "<group>"; };
		0A32C6231D93C61D009977C0 /* Assets.xcassets */ = {isa = PBXFileReference; lastKnownFileType = folder.assetcatalog; path = Assets.xcassets; sourceTree = "<group>"; };
		0A32C6261D93C61D009977C0 /* Base */ = {isa = PBXFileReference; lastKnownFileType = file.storyboard; name = Base; path = Base.lproj/LaunchScreen.storyboard; sourceTree = "<group>"; };
		0A32C6281D93C61D009977C0 /* Info.plist */ = {isa = PBXFileReference; lastKnownFileType = text.plist.xml; path = Info.plist; sourceTree = "<group>"; };
		0A32C62D1D93C61D009977C0 /* OC调用HTMLTests.xctest */ = {isa = PBXFileReference; explicitFileType = wrapper.cfbundle; includeInIndex = 0; path = "OC调用HTMLTests.xctest"; sourceTree = BUILT_PRODUCTS_DIR; };
		0A32C6311D93C61D009977C0 /* OC__HTMLTests.m */ = {isa = PBXFileReference; lastKnownFileType = sourcecode.c.objc; path = OC__HTMLTests.m; sourceTree = "<group>"; };
		0A32C6331D93C61D009977C0 /* Info.plist */ = {isa = PBXFileReference; lastKnownFileType = text.plist.xml; path = Info.plist; sourceTree = "<group>"; };
		0A32C6381D93C61E009977C0 /* OC调用HTMLUITests.xctest */ = {isa = PBXFileReference; explicitFileType = wrapper.cfbundle; includeInIndex = 0; path = "OC调用HTMLUITests.xctest"; sourceTree = BUILT_PRODUCTS_DIR; };
		0A32C63C1D93C61E009977C0 /* OC__HTMLUITests.m */ = {isa = PBXFileReference; lastKnownFileType = sourcecode.c.objc; path = OC__HTMLUITests.m; sourceTree = "<group>"; };
		0A32C63E1D93C61E009977C0 /* Info.plist */ = {isa = PBXFileReference; lastKnownFileType = text.plist.xml; path = Info.plist; sourceTree = "<group>"; };
		0A32C64D1D93C66E009977C0 /* index.html */ = {isa = PBXFileReference; fileEncoding = 4; lastKnownFileType = text.html; path = index.html; sourceTree = "<group>"; };
		0A32C64F1D93CC33009977C0 /* img_01.jpg */ = {isa = PBXFileReference; lastKnownFileType = image.jpeg; path = img_01.jpg; sourceTree = "<group>"; };
/* End PBXFileReference section */

/* Begin PBXFrameworksBuildPhase section */
		0A32C6111D93C61D009977C0 /* Frameworks */ = {
			isa = PBXFrameworksBuildPhase;
			buildActionMask = 2147483647;
			files = (
			);
			runOnlyForDeploymentPostprocessing = 0;
		};
		0A32C62A1D93C61D009977C0 /* Frameworks */ = {
			isa = PBXFrameworksBuildPhase;
			buildActionMask = 2147483647;
			files = (
			);
			runOnlyForDeploymentPostprocessing = 0;
		};
		0A32C6351D93C61E009977C0 /* Frameworks */ = {
			isa = PBXFrameworksBuildPhase;
			buildActionMask = 2147483647;
			files = (
			);
			runOnlyForDeploymentPostprocessing = 0;
		};
/* End PBXFrameworksBuildPhase section */

/* Begin PBXGroup section */
		0A32C60B1D93C61D009977C0 = {
			isa = PBXGroup;
			children = (
				0A32C6161D93C61D009977C0 /* OC调用HTML */,
				0A32C6301D93C61D009977C0 /* OC调用HTMLTests */,
				0A32C63B1D93C61E009977C0 /* OC调用HTMLUITests */,
				0A32C6151D93C61D009977C0 /* Products */,
			);
			sourceTree = "<group>";
		};
		0A32C6151D93C61D009977C0 /* Products */ = {
			isa = PBXGroup;
			children = (
				0A32C6141D93C61D009977C0 /* OC调用HTML.app */,
				0A32C62D1D93C61D009977C0 /* OC调用HTMLTests.xctest */,
				0A32C6381D93C61E009977C0 /* OC调用HTMLUITests.xctest */,
			);
			name = Products;
			sourceTree = "<group>";
		};
		0A32C6161D93C61D009977C0 /* OC调用HTML */ = {
			isa = PBXGroup;
			children = (
				0A32C64C1D93C66E009977C0 /* web */,
				0A32C61A1D93C61D009977C0 /* AppDelegate.h */,
				0A32C61B1D93C61D009977C0 /* AppDelegate.m */,
				0A32C61D1D93C61D009977C0 /* ViewController.h */,
				0A32C61E1D93C61D009977C0 /* ViewController.m */,
				0A32C6201D93C61D009977C0 /* Main.storyboard */,
				0A32C6231D93C61D009977C0 /* Assets.xcassets */,
				0A32C6251D93C61D009977C0 /* LaunchScreen.storyboard */,
				0A32C6281D93C61D009977C0 /* Info.plist */,
				0A32C6171D93C61D009977C0 /* Supporting Files */,
			);
			path = "OC调用HTML";
			sourceTree = "<group>";
		};
		0A32C6171D93C61D009977C0 /* Supporting Files */ = {
			isa = PBXGroup;
			children = (
				0A32C6181D93C61D009977C0 /* main.m */,
			);
			name = "Supporting Files";
			sourceTree = "<group>";
		};
		0A32C6301D93C61D009977C0 /* OC调用HTMLTests */ = {
			isa = PBXGroup;
			children = (
				0A32C6311D93C61D009977C0 /* OC__HTMLTests.m */,
				0A32C6331D93C61D009977C0 /* Info.plist */,
			);
			path = "OC调用HTMLTests";
			sourceTree = "<group>";
		};
		0A32C63B1D93C61E009977C0 /* OC调用HTMLUITests */ = {
			isa = PBXGroup;
			children = (
				0A32C63C1D93C61E009977C0 /* OC__HTMLUITests.m */,
				0A32C63E1D93C61E009977C0 /* Info.plist */,
			);
			path = "OC调用HTMLUITests";
			sourceTree = "<group>";
		};
		0A32C64C1D93C66E009977C0 /* web */ = {
			isa = PBXGroup;
			children = (
				0A32C64D1D93C66E009977C0 /* index.html */,
				0A32C64F1D93CC33009977C0 /* img_01.jpg */,
			);
			path = web;
			sourceTree = "<group>";
		};
/* End PBXGroup section */

/* Begin PBXNativeTarget section */
		0A32C6131D93C61D009977C0 /* OC调用HTML */ = {
			isa = PBXNativeTarget;
			buildConfigurationList = 0A32C6411D93C61E009977C0 /* Build configuration list for PBXNativeTarget "OC调用HTML" */;
			buildPhases = (
				0A32C6101D93C61D009977C0 /* Sources */,
				0A32C6111D93C61D009977C0 /* Frameworks */,
				0A32C6121D93C61D009977C0 /* Resources */,
			);
			buildRules = (
			);
			dependencies = (
			);
			name = "OC调用HTML";
			productName = "OC调用HTML";
			productReference = 0A32C6141D93C61D009977C0 /* OC调用HTML.app */;
			productType = "com.apple.product-type.application";
		};
		0A32C62C1D93C61D009977C0 /* OC调用HTMLTests */ = {
			isa = PBXNativeTarget;
			buildConfigurationList = 0A32C6441D93C61E009977C0 /* Build configuration list for PBXNativeTarget "OC调用HTMLTests" */;
			buildPhases = (
				0A32C6291D93C61D009977C0 /* Sources */,
				0A32C62A1D93C61D009977C0 /* Frameworks */,
				0A32C62B1D93C61D009977C0 /* Resources */,
			);
			buildRules = (
			);
			dependencies = (
				0A32C62F1D93C61D009977C0 /* PBXTargetDependency */,
			);
			name = "OC调用HTMLTests";
			productName = "OC调用HTMLTests";
			productReference = 0A32C62D1D93C61D009977C0 /* OC调用HTMLTests.xctest */;
			productType = "com.apple.product-type.bundle.unit-test";
		};
		0A32C6371D93C61E009977C0 /* OC调用HTMLUITests */ = {
			isa = PBXNativeTarget;
			buildConfigurationList = 0A32C6471D93C61E009977C0 /* Build configuration list for PBXNativeTarget "OC调用HTMLUITests" */;
			buildPhases = (
				0A32C6341D93C61E009977C0 /* Sources */,
				0A32C6351D93C61E009977C0 /* Frameworks */,
				0A32C6361D93C61E009977C0 /* Resources */,
			);
			buildRules = (
			);
			dependencies = (
				0A32C63A1D93C61E009977C0 /* PBXTargetDependency */,
			);
			name = "OC调用HTMLUITests";
			productName = "OC调用HTMLUITests";
			productReference = 0A32C6381D93C61E009977C0 /* OC调用HTMLUITests.xctest */;
			productType = "com.apple.product-type.bundle.ui-testing";
		};
/* End PBXNativeTarget section */

/* Begin PBXProject section */
		0A32C60C1D93C61D009977C0 /* Project object */ = {
			isa = PBXProject;
			attributes = {
				LastUpgradeCheck = 0730;
				ORGANIZATIONNAME = "张俊凯";
				TargetAttributes = {
					0A32C6131D93C61D009977C0 = {
						CreatedOnToolsVersion = 7.3.1;
					};
					0A32C62C1D93C61D009977C0 = {
						CreatedOnToolsVersion = 7.3.1;
						TestTargetID = 0A32C6131D93C61D009977C0;
					};
					0A32C6371D93C61E009977C0 = {
						CreatedOnToolsVersion = 7.3.1;
						TestTargetID = 0A32C6131D93C61D009977C0;
					};
				};
			};
			buildConfigurationList = 0A32C60F1D93C61D009977C0 /* Build configuration list for PBXProject "OC调用HTML" */;
			compatibilityVersion = "Xcode 3.2";
			developmentRegion = English;
			hasScannedForEncodings = 0;
			knownRegions = (
				en,
				Base,
			);
			mainGroup = 0A32C60B1D93C61D009977C0;
			productRefGroup = 0A32C6151D93C61D009977C0 /* Products */;
			projectDirPath = "";
			projectRoot = "";
			targets = (
				0A32C6131D93C61D009977C0 /* OC调用HTML */,
				0A32C62C1D93C61D009977C0 /* OC调用HTMLTests */,
				0A32C6371D93C61E009977C0 /* OC调用HTMLUITests */,
			);
		};
/* End PBXProject section */

/* Begin PBXResourcesBuildPhase section */
		0A32C6121D93C61D009977C0 /* Resources */ = {
			isa = PBXResourcesBuildPhase;
			buildActionMask = 2147483647;
			files = (
				0A32C64E1D93C66E009977C0 /* index.html in Resources */,
				0A32C6501D93CC33009977C0 /* img_01.jpg in Resources */,
				0A32C6271D93C61D009977C0 /* LaunchScreen.storyboard in Resources */,
				0A32C6241D93C61D009977C0 /* Assets.xcassets in Resources */,
				0A32C6221D93C61D009977C0 /* Main.storyboard in Resources */,
			);
			runOnlyForDeploymentPostprocessing = 0;
		};
		0A32C62B1D93C61D009977C0 /* Resources */ = {
			isa = PBXResourcesBuildPhase;
			buildActionMask = 2147483647;
			files = (
			);
			runOnlyForDeploymentPostprocessing = 0;
		};
		0A32C6361D93C61E009977C0 /* Resources */ = {
			isa = PBXResourcesBuildPhase;
			buildActionMask = 2147483647;
			files = (
			);
			runOnlyForDeploymentPostprocessing = 0;
		};
/* End PBXResourcesBuildPhase section */

/* Begin PBXSourcesBuildPhase section */
		0A32C6101D93C61D009977C0 /* Sources */ = {
			isa = PBXSourcesBuildPhase;
			buildActionMask = 2147483647;
			files = (
				0A32C61F1D93C61D009977C0 /* ViewController.m in Sources */,
				0A32C61C1D93C61D009977C0 /* AppDelegate.m in Sources */,
				0A32C6191D93C61D009977C0 /* main.m in Sources */,
			);
			runOnlyForDeploymentPostprocessing = 0;
		};
		0A32C6291D93C61D009977C0 /* Sources */ = {
			isa = PBXSourcesBuildPhase;
			buildActionMask = 2147483647;
			files = (
				0A32C6321D93C61D009977C0 /* OC__HTMLTests.m in Sources */,
			);
			runOnlyForDeploymentPostprocessing = 0;
		};
		0A32C6341D93C61E009977C0 /* Sources */ = {
			isa = PBXSourcesBuildPhase;
			buildActionMask = 2147483647;
			files = (
				0A32C63D1D93C61E009977C0 /* OC__HTMLUITests.m in Sources */,
			);
			runOnlyForDeploymentPostprocessing = 0;
		};
/* End PBXSourcesBuildPhase section */

/* Begin PBXTargetDependency section */
		0A32C62F1D93C61D009977C0 /* PBXTargetDependency */ = {
			isa = PBXTargetDependency;
			target = 0A32C6131D93C61D009977C0 /* OC调用HTML */;
			targetProxy = 0A32C62E1D93C61D009977C0 /* PBXContainerItemProxy */;
		};
		0A32C63A1D93C61E009977C0 /* PBXTargetDependency */ = {
			isa = PBXTargetDependency;
			target = 0A32C6131D93C61D009977C0 /* OC调用HTML */;
			targetProxy = 0A32C6391D93C61E009977C0 /* PBXContainerItemProxy */;
		};
/* End PBXTargetDependency section */

/* Begin PBXVariantGroup section */
		0A32C6201D93C61D009977C0 /* Main.storyboard */ = {
			isa = PBXVariantGroup;
			children = (
				0A32C6211D93C61D009977C0 /* Base */,
			);
			name = Main.storyboard;
			sourceTree = "<group>";
		};
		0A32C6251D93C61D009977C0 /* LaunchScreen.storyboard */ = {
			isa = PBXVariantGroup;
			children = (
				0A32C6261D93C61D009977C0 /* Base */,
			);
			name = LaunchScreen.storyboard;
			sourceTree = "<group>";
		};
/* End PBXVariantGroup section */

/* Begin XCBuildConfiguration section */
		0A32C63F1D93C61E009977C0 /* Debug */ = {
			isa = XCBuildConfiguration;
			buildSettings = {
				ALWAYS_SEARCH_USER_PATHS = NO;
				CLANG_ANALYZER_NONNULL = YES;
				CLANG_CXX_LANGUAGE_STANDARD = "gnu++0x";
				CLANG_CXX_LIBRARY = "libc++";
				CLANG_ENABLE_MODULES = YES;
				CLANG_ENABLE_OBJC_ARC = YES;
				CLANG_WARN_BOOL_CONVERSION = YES;
				CLANG_WARN_CONSTANT_CONVERSION = YES;
				CLANG_WARN_DIRECT_OBJC_ISA_USAGE = YES_ERROR;
				CLANG_WARN_EMPTY_BODY = YES;
				CLANG_WARN_ENUM_CONVERSION = YES;
				CLANG_WARN_INT_CONVERSION = YES;
				CLANG_WARN_OBJC_ROOT_CLASS = YES_ERROR;
				CLANG_WARN_UNREACHABLE_CODE = YES;
				CLANG_WARN__DUPLICATE_METHOD_MATCH = YES;
				"CODE_SIGN_IDENTITY[sdk=iphoneos*]" = "iPhone Developer";
				COPY_PHASE_STRIP = NO;
				DEBUG_INFORMATION_FORMAT = dwarf;
				ENABLE_STRICT_OBJC_MSGSEND = YES;
				ENABLE_TESTABILITY = YES;
				GCC_C_LANGUAGE_STANDARD = gnu99;
				GCC_DYNAMIC_NO_PIC = NO;
				GCC_NO_COMMON_BLOCKS = YES;
				GCC_OPTIMIZATION_LEVEL = 0;
				GCC_PREPROCESSOR_DEFINITIONS = (
					"DEBUG=1",
					"$(inherited)",
				);
				GCC_WARN_64_TO_32_BIT_CONVERSION = YES;
				GCC_WARN_ABOUT_RETURN_TYPE = YES_ERROR;
				GCC_WARN_UNDECLARED_SELECTOR = YES;
				GCC_WARN_UNINITIALIZED_AUTOS = YES_AGGRESSIVE;
				GCC_WARN_UNUSED_FUNCTION = YES;
				GCC_WARN_UNUSED_VARIABLE = YES;
				IPHONEOS_DEPLOYMENT_TARGET = 9.3;
				MTL_ENABLE_DEBUG_INFO = YES;
				ONLY_ACTIVE_ARCH = YES;
				SDKROOT = iphoneos;
			};
			name = Debug;
		};
		0A32C6401D93C61E009977C0 /* Release */ = {
			isa = XCBuildConfiguration;
			buildSettings = {
				ALWAYS_SEARCH_USER_PATHS = NO;
				CLANG_ANALYZER_NONNULL = YES;
				CLANG_CXX_LANGUAGE_STANDARD = "gnu++0x";
				CLANG_CXX_LIBRARY = "libc++";
				CLANG_ENABLE_MODULES = YES;
				CLANG_ENABLE_OBJC_ARC = YES;
				CLANG_WARN_BOOL_CONVERSION = YES;
				CLANG_WARN_CONSTANT_CONVERSION = YES;
				CLANG_WARN_DIRECT_OBJC_ISA_USAGE = YES_ERROR;
				CLANG_WARN_EMPTY_BODY = YES;
				CLANG_WARN_ENUM_CONVERSION = YES;
				CLANG_WARN_INT_CONVERSION = YES;
				CLANG_WARN_OBJC_ROOT_CLASS = YES_ERROR;
				CLANG_WARN_UNREACHABLE_CODE = YES;
				CLANG_WARN__DUPLICATE_METHOD_MATCH = YES;
				"CODE_SIGN_IDENTITY[sdk=iphoneos*]" = "iPhone Developer";
				COPY_PHASE_STRIP = NO;
				DEBUG_INFORMATION_FORMAT = "dwarf-with-dsym";
				ENABLE_NS_ASSERTIONS = NO;
				ENABLE_STRICT_OBJC_MSGSEND = YES;
				GCC_C_LANGUAGE_STANDARD = gnu99;
				GCC_NO_COMMON_BLOCKS = YES;
				GCC_WARN_64_TO_32_BIT_CONVERSION = YES;
				GCC_WARN_ABOUT_RETURN_TYPE = YES_ERROR;
				GCC_WARN_UNDECLARED_SELECTOR = YES;
				GCC_WARN_UNINITIALIZED_AUTOS = YES_AGGRESSIVE;
				GCC_WARN_UNUSED_FUNCTION = YES;
				GCC_WARN_UNUSED_VARIABLE = YES;
				IPHONEOS_DEPLOYMENT_TARGET = 9.3;
				MTL_ENABLE_DEBUG_INFO = NO;
				SDKROOT = iphoneos;
				VALIDATE_PRODUCT = YES;
			};
			name = Release;
		};
		0A32C6421D93C61E009977C0 /* Debug */ = {
			isa = XCBuildConfiguration;
			buildSettings = {
				ASSETCATALOG_COMPILER_APPICON_NAME = AppIcon;
				INFOPLIST_FILE = "OC调用HTML/Info.plist";
				LD_RUNPATH_SEARCH_PATHS = "$(inherited) @executable_path/Frameworks";
				PRODUCT_BUNDLE_IDENTIFIER = "com.cago.OC--HTML";
				PRODUCT_NAME = "$(TARGET_NAME)";
			};
			name = Debug;
		};
		0A32C6431D93C61E009977C0 /* Release */ = {
			isa = XCBuildConfiguration;
			buildSettings = {
				ASSETCATALOG_COMPILER_APPICON_NAME = AppIcon;
				INFOPLIST_FILE = "OC调用HTML/Info.plist";
				LD_RUNPATH_SEARCH_PATHS = "$(inherited) @executable_path/Frameworks";
				PRODUCT_BUNDLE_IDENTIFIER = "com.cago.OC--HTML";
				PRODUCT_NAME = "$(TARGET_NAME)";
			};
			name = Release;
		};
		0A32C6451D93C61E009977C0 /* Debug */ = {
			isa = XCBuildConfiguration;
			buildSettings = {
				BUNDLE_LOADER = "$(TEST_HOST)";
				INFOPLIST_FILE = "OC调用HTMLTests/Info.plist";
				LD_RUNPATH_SEARCH_PATHS = "$(inherited) @executable_path/Frameworks @loader_path/Frameworks";
				PRODUCT_BUNDLE_IDENTIFIER = "com.cago.OC--HTMLTests";
				PRODUCT_NAME = "$(TARGET_NAME)";
				TEST_HOST = "$(BUILT_PRODUCTS_DIR)/OC调用HTML.app/OC调用HTML";
			};
			name = Debug;
		};
		0A32C6461D93C61E009977C0 /* Release */ = {
			isa = XCBuildConfiguration;
			buildSettings = {
				BUNDLE_LOADER = "$(TEST_HOST)";
				INFOPLIST_FILE = "OC调用HTMLTests/Info.plist";
				LD_RUNPATH_SEARCH_PATHS = "$(inherited) @executable_path/Frameworks @loader_path/Frameworks";
				PRODUCT_BUNDLE_IDENTIFIER = "com.cago.OC--HTMLTests";
				PRODUCT_NAME = "$(TARGET_NAME)";
				TEST_HOST = "$(BUILT_PRODUCTS_DIR)/OC调用HTML.app/OC调用HTML";
			};
			name = Release;
		};
		0A32C6481D93C61E009977C0 /* Debug */ = {
			isa = XCBuildConfiguration;
			buildSettings = {
				INFOPLIST_FILE = "OC调用HTMLUITests/Info.plist";
				LD_RUNPATH_SEARCH_PATHS = "$(inherited) @executable_path/Frameworks @loader_path/Frameworks";
				PRODUCT_BUNDLE_IDENTIFIER = "com.cago.OC--HTMLUITests";
				PRODUCT_NAME = "$(TARGET_NAME)";
				TEST_TARGET_NAME = "OC调用HTML";
			};
			name = Debug;
		};
		0A32C6491D93C61E009977C0 /* Release */ = {
			isa = XCBuildConfiguration;
			buildSettings = {
				INFOPLIST_FILE = "OC调用HTMLUITests/Info.plist";
				LD_RUNPATH_SEARCH_PATHS = "$(inherited) @executable_path/Frameworks @loader_path/Frameworks";
				PRODUCT_BUNDLE_IDENTIFIER = "com.cago.OC--HTMLUITests";
				PRODUCT_NAME = "$(TARGET_NAME)";
				TEST_TARGET_NAME = "OC调用HTML";
			};
			name = Release;
		};
/* End XCBuildConfiguration section */

/* Begin XCConfigurationList section */
		0A32C60F1D93C61D009977C0 /* Build configuration list for PBXProject "OC调用HTML" */ = {
			isa = XCConfigurationList;
			buildConfigurations = (
				0A32C63F1D93C61E009977C0 /* Debug */,
				0A32C6401D93C61E009977C0 /* Release */,
			);
			defaultConfigurationIsVisible = 0;
			defaultConfigurationName = Release;
		};
		0A32C6411D93C61E009977C0 /* Build configuration list for PBXNativeTarget "OC调用HTML" */ = {
			isa = XCConfigurationList;
			buildConfigurations = (
				0A32C6421D93C61E009977C0 /* Debug */,
				0A32C6431D93C61E009977C0 /* Release */,
			);
			defaultConfigurationIsVisible = 0;
		};
		0A32C6441D93C61E009977C0 /* Build configuration list for PBXNativeTarget "OC调用HTMLTests" */ = {
			isa = XCConfigurationList;
			buildConfigurations = (
				0A32C6451D93C61E009977C0 /* Debug */,
				0A32C6461D93C61E009977C0 /* Release */,
			);
			defaultConfigurationIsVisible = 0;
		};
		0A32C6471D93C61E009977C0 /* Build configuration list for PBXNativeTarget "OC调用HTMLUITests" */ = {
			isa = XCConfigurationList;
			buildConfigurations = (
				0A32C6481D93C61E009977C0 /* Debug */,
				0A32C6491D93C61E009977C0 /* Release */,
			);
			defaultConfigurationIsVisible = 0;
		};
/* End XCConfigurationList section */
	};
	rootObject = 0A32C60C1D93C61D009977C0 /* Project object */;
}
